// !$*UTF8*$!
{
	archiveVersion = 1;
	classes = {
	};
	objectVersion = 50;
	objects = {

/* Begin PBXBuildFile section */
		B463BCD12531FB3F00E1EF24 /* CUHKMapApp.swift in Sources */ = {isa = PBXBuildFile; fileRef = B463BCD02531FB3F00E1EF24 /* CUHKMapApp.swift */; };
		B463BCD32531FB3F00E1EF24 /* ContentView.swift in Sources */ = {isa = PBXBuildFile; fileRef = B463BCD22531FB3F00E1EF24 /* ContentView.swift */; };
		B463BCD52531FB4200E1EF24 /* Assets.xcassets in Resources */ = {isa = PBXBuildFile; fileRef = B463BCD42531FB4200E1EF24 /* Assets.xcassets */; };
		B463BCD82531FB4200E1EF24 /* Preview Assets.xcassets in Resources */ = {isa = PBXBuildFile; fileRef = B463BCD72531FB4200E1EF24 /* Preview Assets.xcassets */; };
		B463BCE32531FB4200E1EF24 /* CUHKMapTests.swift in Sources */ = {isa = PBXBuildFile; fileRef = B463BCE22531FB4200E1EF24 /* CUHKMapTests.swift */; };
		B463BCEE2531FB4200E1EF24 /* CUHKMapUITests.swift in Sources */ = {isa = PBXBuildFile; fileRef = B463BCED2531FB4200E1EF24 /* CUHKMapUITests.swift */; };
/* End PBXBuildFile section */

/* Begin PBXContainerItemProxy section */
		B463BCDF2531FB4200E1EF24 /* PBXContainerItemProxy */ = {
			isa = PBXContainerItemProxy;
			containerPortal = B463BCC52531FB3F00E1EF24 /* Project object */;
			proxyType = 1;
			remoteGlobalIDString = B463BCCC2531FB3F00E1EF24;
			remoteInfo = CUHKMap;
		};
		B463BCEA2531FB4200E1EF24 /* PBXContainerItemProxy */ = {
			isa = PBXContainerItemProxy;
			containerPortal = B463BCC52531FB3F00E1EF24 /* Project object */;
			proxyType = 1;
			remoteGlobalIDString = B463BCCC2531FB3F00E1EF24;
			remoteInfo = CUHKMap;
		};
/* End PBXContainerItemProxy section */

/* Begin PBXFileReference section */
		B463BCCD2531FB3F00E1EF24 /* CUHKMap.app */ = {isa = PBXFileReference; explicitFileType = wrapper.application; includeInIndex = 0; path = CUHKMap.app; sourceTree = BUILT_PRODUCTS_DIR; };
		B463BCD02531FB3F00E1EF24 /* CUHKMapApp.swift */ = {isa = PBXFileReference; lastKnownFileType = sourcecode.swift; path = CUHKMapApp.swift; sourceTree = "<group>"; };
		B463BCD22531FB3F00E1EF24 /* ContentView.swift */ = {isa = PBXFileReference; lastKnownFileType = sourcecode.swift; path = ContentView.swift; sourceTree = "<group>"; };
		B463BCD42531FB4200E1EF24 /* Assets.xcassets */ = {isa = PBXFileReference; lastKnownFileType = folder.assetcatalog; path = Assets.xcassets; sourceTree = "<group>"; };
		B463BCD72531FB4200E1EF24 /* Preview Assets.xcassets */ = {isa = PBXFileReference; lastKnownFileType = folder.assetcatalog; path = "Preview Assets.xcassets"; sourceTree = "<group>"; };
		B463BCD92531FB4200E1EF24 /* Info.plist */ = {isa = PBXFileReference; lastKnownFileType = text.plist.xml; path = Info.plist; sourceTree = "<group>"; };
		B463BCDE2531FB4200E1EF24 /* CUHKMapTests.xctest */ = {isa = PBXFileReference; explicitFileType = wrapper.cfbundle; includeInIndex = 0; path = CUHKMapTests.xctest; sourceTree = BUILT_PRODUCTS_DIR; };
		B463BCE22531FB4200E1EF24 /* CUHKMapTests.swift */ = {isa = PBXFileReference; lastKnownFileType = sourcecode.swift; path = CUHKMapTests.swift; sourceTree = "<group>"; };
		B463BCE42531FB4200E1EF24 /* Info.plist */ = {isa = PBXFileReference; lastKnownFileType = text.plist.xml; path = Info.plist; sourceTree = "<group>"; };
		B463BCE92531FB4200E1EF24 /* CUHKMapUITests.xctest */ = {isa = PBXFileReference; explicitFileType = wrapper.cfbundle; includeInIndex = 0; path = CUHKMapUITests.xctest; sourceTree = BUILT_PRODUCTS_DIR; };
		B463BCED2531FB4200E1EF24 /* CUHKMapUITests.swift */ = {isa = PBXFileReference; lastKnownFileType = sourcecode.swift; path = CUHKMapUITests.swift; sourceTree = "<group>"; };
		B463BCEF2531FB4200E1EF24 /* Info.plist */ = {isa = PBXFileReference; lastKnownFileType = text.plist.xml; path = Info.plist; sourceTree = "<group>"; };
/* End PBXFileReference section */

/* Begin PBXFrameworksBuildPhase section */
		B463BCCA2531FB3F00E1EF24 /* Frameworks */ = {
			isa = PBXFrameworksBuildPhase;
			buildActionMask = 2147483647;
			files = (
			);
			runOnlyForDeploymentPostprocessing = 0;
		};
		B463BCDB2531FB4200E1EF24 /* Frameworks */ = {
			isa = PBXFrameworksBuildPhase;
			buildActionMask = 2147483647;
			files = (
			);
			runOnlyForDeploymentPostprocessing = 0;
		};
		B463BCE62531FB4200E1EF24 /* Frameworks */ = {
			isa = PBXFrameworksBuildPhase;
			buildActionMask = 2147483647;
			files = (
			);
			runOnlyForDeploymentPostprocessing = 0;
		};
/* End PBXFrameworksBuildPhase section */

/* Begin PBXGroup section */
		B463BCC42531FB3F00E1EF24 = {
			isa = PBXGroup;
			children = (
				B463BCCF2531FB3F00E1EF24 /* CUHKMap */,
				B463BCE12531FB4200E1EF24 /* CUHKMapTests */,
				B463BCEC2531FB4200E1EF24 /* CUHKMapUITests */,
				B463BCCE2531FB3F00E1EF24 /* Products */,
			);
			sourceTree = "<group>";
		};
		B463BCCE2531FB3F00E1EF24 /* Products */ = {
			isa = PBXGroup;
			children = (
				B463BCCD2531FB3F00E1EF24 /* CUHKMap.app */,
				B463BCDE2531FB4200E1EF24 /* CUHKMapTests.xctest */,
				B463BCE92531FB4200E1EF24 /* CUHKMapUITests.xctest */,
			);
			name = Products;
			sourceTree = "<group>";
		};
		B463BCCF2531FB3F00E1EF24 /* CUHKMap */ = {
			isa = PBXGroup;
			children = (
				B463BCD02531FB3F00E1EF24 /* CUHKMapApp.swift */,
				B463BCD22531FB3F00E1EF24 /* ContentView.swift */,
				B463BCD42531FB4200E1EF24 /* Assets.xcassets */,
				B463BCD92531FB4200E1EF24 /* Info.plist */,
				B463BCD62531FB4200E1EF24 /* Preview Content */,
			);
			path = CUHKMap;
			sourceTree = "<group>";
		};
		B463BCD62531FB4200E1EF24 /* Preview Content */ = {
			isa = PBXGroup;
			children = (
				B463BCD72531FB4200E1EF24 /* Preview Assets.xcassets */,
			);
			path = "Preview Content";
			sourceTree = "<group>";
		};
		B463BCE12531FB4200E1EF24 /* CUHKMapTests */ = {
			isa = PBXGroup;
			children = (
				B463BCE22531FB4200E1EF24 /* CUHKMapTests.swift */,
				B463BCE42531FB4200E1EF24 /* Info.plist */,
			);
			path = CUHKMapTests;
			sourceTree = "<group>";
		};
		B463BCEC2531FB4200E1EF24 /* CUHKMapUITests */ = {
			isa = PBXGroup;
			children = (
				B463BCED2531FB4200E1EF24 /* CUHKMapUITests.swift */,
				B463BCEF2531FB4200E1EF24 /* Info.plist */,
			);
			path = CUHKMapUITests;
			sourceTree = "<group>";
		};
/* End PBXGroup section */

/* Begin PBXNativeTarget section */
		B463BCCC2531FB3F00E1EF24 /* CUHKMap */ = {
			isa = PBXNativeTarget;
			buildConfigurationList = B463BCF22531FB4200E1EF24 /* Build configuration list for PBXNativeTarget "CUHKMap" */;
			buildPhases = (
				B463BCC92531FB3F00E1EF24 /* Sources */,
				B463BCCA2531FB3F00E1EF24 /* Frameworks */,
				B463BCCB2531FB3F00E1EF24 /* Resources */,
			);
			buildRules = (
			);
			dependencies = (
			);
			name = CUHKMap;
			productName = CUHKMap;
			productReference = B463BCCD2531FB3F00E1EF24 /* CUHKMap.app */;
			productType = "com.apple.product-type.application";
		};
		B463BCDD2531FB4200E1EF24 /* CUHKMapTests */ = {
			isa = PBXNativeTarget;
			buildConfigurationList = B463BCF52531FB4200E1EF24 /* Build configuration list for PBXNativeTarget "CUHKMapTests" */;
			buildPhases = (
				B463BCDA2531FB4200E1EF24 /* Sources */,
				B463BCDB2531FB4200E1EF24 /* Frameworks */,
				B463BCDC2531FB4200E1EF24 /* Resources */,
			);
			buildRules = (
			);
			dependencies = (
				B463BCE02531FB4200E1EF24 /* PBXTargetDependency */,
			);
			name = CUHKMapTests;
			productName = CUHKMapTests;
			productReference = B463BCDE2531FB4200E1EF24 /* CUHKMapTests.xctest */;
			productType = "com.apple.product-type.bundle.unit-test";
		};
		B463BCE82531FB4200E1EF24 /* CUHKMapUITests */ = {
			isa = PBXNativeTarget;
			buildConfigurationList = B463BCF82531FB4200E1EF24 /* Build configuration list for PBXNativeTarget "CUHKMapUITests" */;
			buildPhases = (
				B463BCE52531FB4200E1EF24 /* Sources */,
				B463BCE62531FB4200E1EF24 /* Frameworks */,
				B463BCE72531FB4200E1EF24 /* Resources */,
			);
			buildRules = (
			);
			dependencies = (
				B463BCEB2531FB4200E1EF24 /* PBXTargetDependency */,
			);
			name = CUHKMapUITests;
			productName = CUHKMapUITests;
			productReference = B463BCE92531FB4200E1EF24 /* CUHKMapUITests.xctest */;
			productType = "com.apple.product-type.bundle.ui-testing";
		};
/* End PBXNativeTarget section */

/* Begin PBXProject section */
		B463BCC52531FB3F00E1EF24 /* Project object */ = {
			isa = PBXProject;
			attributes = {
				LastSwiftUpdateCheck = 1200;
				LastUpgradeCheck = 1200;
				TargetAttributes = {
					B463BCCC2531FB3F00E1EF24 = {
						CreatedOnToolsVersion = 12.0.1;
					};
					B463BCDD2531FB4200E1EF24 = {
						CreatedOnToolsVersion = 12.0.1;
						TestTargetID = B463BCCC2531FB3F00E1EF24;
					};
					B463BCE82531FB4200E1EF24 = {
						CreatedOnToolsVersion = 12.0.1;
						TestTargetID = B463BCCC2531FB3F00E1EF24;
					};
				};
			};
			buildConfigurationList = B463BCC82531FB3F00E1EF24 /* Build configuration list for PBXProject "CUHKMap" */;
			compatibilityVersion = "Xcode 9.3";
			developmentRegion = en;
			hasScannedForEncodings = 0;
			knownRegions = (
				en,
				Base,
			);
			mainGroup = B463BCC42531FB3F00E1EF24;
			productRefGroup = B463BCCE2531FB3F00E1EF24 /* Products */;
			projectDirPath = "";
			projectRoot = "";
			targets = (
				B463BCCC2531FB3F00E1EF24 /* CUHKMap */,
				B463BCDD2531FB4200E1EF24 /* CUHKMapTests */,
				B463BCE82531FB4200E1EF24 /* CUHKMapUITests */,
			);
		};
/* End PBXProject section */

/* Begin PBXResourcesBuildPhase section */
		B463BCCB2531FB3F00E1EF24 /* Resources */ = {
			isa = PBXResourcesBuildPhase;
			buildActionMask = 2147483647;
			files = (
				B463BCD82531FB4200E1EF24 /* Preview Assets.xcassets in Resources */,
				B463BCD52531FB4200E1EF24 /* Assets.xcassets in Resources */,
			);
			runOnlyForDeploymentPostprocessing = 0;
		};
		B463BCDC2531FB4200E1EF24 /* Resources */ = {
			isa = PBXResourcesBuildPhase;
			buildActionMask = 2147483647;
			files = (
			);
			runOnlyForDeploymentPostprocessing = 0;
		};
		B463BCE72531FB4200E1EF24 /* Resources */ = {
			isa = PBXResourcesBuildPhase;
			buildActionMask = 2147483647;
			files = (
			);
			runOnlyForDeploymentPostprocessing = 0;
		};
/* End PBXResourcesBuildPhase section */

/* Begin PBXSourcesBuildPhase section */
		B463BCC92531FB3F00E1EF24 /* Sources */ = {
			isa = PBXSourcesBuildPhase;
			buildActionMask = 2147483647;
			files = (
				B463BCD32531FB3F00E1EF24 /* ContentView.swift in Sources */,
				B463BCD12531FB3F00E1EF24 /* CUHKMapApp.swift in Sources */,
			);
			runOnlyForDeploymentPostprocessing = 0;
		};
		B463BCDA2531FB4200E1EF24 /* Sources */ = {
			isa = PBXSourcesBuildPhase;
			buildActionMask = 2147483647;
			files = (
				B463BCE32531FB4200E1EF24 /* CUHKMapTests.swift in Sources */,
			);
			runOnlyForDeploymentPostprocessing = 0;
		};
		B463BCE52531FB4200E1EF24 /* Sources */ = {
			isa = PBXSourcesBuildPhase;
			buildActionMask = 2147483647;
			files = (
				B463BCEE2531FB4200E1EF24 /* CUHKMapUITests.swift in Sources */,
			);
			runOnlyForDeploymentPostprocessing = 0;
		};
/* End PBXSourcesBuildPhase section */

/* Begin PBXTargetDependency section */
		B463BCE02531FB4200E1EF24 /* PBXTargetDependency */ = {
			isa = PBXTargetDependency;
			target = B463BCCC2531FB3F00E1EF24 /* CUHKMap */;
			targetProxy = B463BCDF2531FB4200E1EF24 /* PBXContainerItemProxy */;
		};
		B463BCEB2531FB4200E1EF24 /* PBXTargetDependency */ = {
			isa = PBXTargetDependency;
			target = B463BCCC2531FB3F00E1EF24 /* CUHKMap */;
			targetProxy = B463BCEA2531FB4200E1EF24 /* PBXContainerItemProxy */;
		};
/* End PBXTargetDependency section */

/* Begin XCBuildConfiguration section */
		B463BCF02531FB4200E1EF24 /* Debug */ = {
			isa = XCBuildConfiguration;
			buildSettings = {
				ALWAYS_SEARCH_USER_PATHS = NO;
				CLANG_ANALYZER_NONNULL = YES;
				CLANG_ANALYZER_NUMBER_OBJECT_CONVERSION = YES_AGGRESSIVE;
				CLANG_CXX_LANGUAGE_STANDARD = "gnu++14";
				CLANG_CXX_LIBRARY = "libc++";
				CLANG_ENABLE_MODULES = YES;
				CLANG_ENABLE_OBJC_ARC = YES;
				CLANG_ENABLE_OBJC_WEAK = YES;
				CLANG_WARN_BLOCK_CAPTURE_AUTORELEASING = YES;
				CLANG_WARN_BOOL_CONVERSION = YES;
				CLANG_WARN_COMMA = YES;
				CLANG_WARN_CONSTANT_CONVERSION = YES;
				CLANG_WARN_DEPRECATED_OBJC_IMPLEMENTATIONS = YES;
				CLANG_WARN_DIRECT_OBJC_ISA_USAGE = YES_ERROR;
				CLANG_WARN_DOCUMENTATION_COMMENTS = YES;
				CLANG_WARN_EMPTY_BODY = YES;
				CLANG_WARN_ENUM_CONVERSION = YES;
				CLANG_WARN_INFINITE_RECURSION = YES;
				CLANG_WARN_INT_CONVERSION = YES;
				CLANG_WARN_NON_LITERAL_NULL_CONVERSION = YES;
				CLANG_WARN_OBJC_IMPLICIT_RETAIN_SELF = YES;
				CLANG_WARN_OBJC_LITERAL_CONVERSION = YES;
				CLANG_WARN_OBJC_ROOT_CLASS = YES_ERROR;
				CLANG_WARN_QUOTED_INCLUDE_IN_FRAMEWORK_HEADER = YES;
				CLANG_WARN_RANGE_LOOP_ANALYSIS = YES;
				CLANG_WARN_STRICT_PROTOTYPES = YES;
				CLANG_WARN_SUSPICIOUS_MOVE = YES;
				CLANG_WARN_UNGUARDED_AVAILABILITY = YES_AGGRESSIVE;
				CLANG_WARN_UNREACHABLE_CODE = YES;
				CLANG_WARN__DUPLICATE_METHOD_MATCH = YES;
				COPY_PHASE_STRIP = NO;
				DEBUG_INFORMATION_FORMAT = dwarf;
				ENABLE_STRICT_OBJC_MSGSEND = YES;
				ENABLE_TESTABILITY = YES;
				GCC_C_LANGUAGE_STANDARD = gnu11;
				GCC_DYNAMIC_NO_PIC = NO;
				GCC_NO_COMMON_BLOCKS = YES;
				GCC_OPTIMIZATION_LEVEL = 0;
				GCC_PREPROCESSOR_DEFINITIONS = (
					"DEBUG=1",
					"$(inherited)",
				);
				GCC_WARN_64_TO_32_BIT_CONVERSION = YES;
				GCC_WARN_ABOUT_RETURN_TYPE = YES_ERROR;
				GCC_WARN_UNDECLARED_SELECTOR = YES;
				GCC_WARN_UNINITIALIZED_AUTOS = YES_AGGRESSIVE;
				GCC_WARN_UNUSED_FUNCTION = YES;
				GCC_WARN_UNUSED_VARIABLE = YES;
				IPHONEOS_DEPLOYMENT_TARGET = 14.0;
				MTL_ENABLE_DEBUG_INFO = INCLUDE_SOURCE;
				MTL_FAST_MATH = YES;
				ONLY_ACTIVE_ARCH = YES;
				SDKROOT = iphoneos;
				SWIFT_ACTIVE_COMPILATION_CONDITIONS = DEBUG;
				SWIFT_OPTIMIZATION_LEVEL = "-Onone";
			};
			name = Debug;
		};
		B463BCF12531FB4200E1EF24 /* Release */ = {
			isa = XCBuildConfiguration;
			buildSettings = {
				ALWAYS_SEARCH_USER_PATHS = NO;
				CLANG_ANALYZER_NONNULL = YES;
				CLANG_ANALYZER_NUMBER_OBJECT_CONVERSION = YES_AGGRESSIVE;
				CLANG_CXX_LANGUAGE_STANDARD = "gnu++14";
				CLANG_CXX_LIBRARY = "libc++";
				CLANG_ENABLE_MODULES = YES;
				CLANG_ENABLE_OBJC_ARC = YES;
				CLANG_ENABLE_OBJC_WEAK = YES;
				CLANG_WARN_BLOCK_CAPTURE_AUTORELEASING = YES;
				CLANG_WARN_BOOL_CONVERSION = YES;
				CLANG_WARN_COMMA = YES;
				CLANG_WARN_CONSTANT_CONVERSION = YES;
				CLANG_WARN_DEPRECATED_OBJC_IMPLEMENTATIONS = YES;
				CLANG_WARN_DIRECT_OBJC_ISA_USAGE = YES_ERROR;
				CLANG_WARN_DOCUMENTATION_COMMENTS = YES;
				CLANG_WARN_EMPTY_BODY = YES;
				CLANG_WARN_ENUM_CONVERSION = YES;
				CLANG_WARN_INFINITE_RECURSION = YES;
				CLANG_WARN_INT_CONVERSION = YES;
				CLANG_WARN_NON_LITERAL_NULL_CONVERSION = YES;
				CLANG_WARN_OBJC_IMPLICIT_RETAIN_SELF = YES;
				CLANG_WARN_OBJC_LITERAL_CONVERSION = YES;
				CLANG_WARN_OBJC_ROOT_CLASS = YES_ERROR;
				CLANG_WARN_QUOTED_INCLUDE_IN_FRAMEWORK_HEADER = YES;
				CLANG_WARN_RANGE_LOOP_ANALYSIS = YES;
				CLANG_WARN_STRICT_PROTOTYPES = YES;
				CLANG_WARN_SUSPICIOUS_MOVE = YES;
				CLANG_WARN_UNGUARDED_AVAILABILITY = YES_AGGRESSIVE;
				CLANG_WARN_UNREACHABLE_CODE = YES;
				CLANG_WARN__DUPLICATE_METHOD_MATCH = YES;
				COPY_PHASE_STRIP = NO;
				DEBUG_INFORMATION_FORMAT = "dwarf-with-dsym";
				ENABLE_NS_ASSERTIONS = NO;
				ENABLE_STRICT_OBJC_MSGSEND = YES;
				GCC_C_LANGUAGE_STANDARD = gnu11;
				GCC_NO_COMMON_BLOCKS = YES;
				GCC_WARN_64_TO_32_BIT_CONVERSION = YES;
				GCC_WARN_ABOUT_RETURN_TYPE = YES_ERROR;
				GCC_WARN_UNDECLARED_SELECTOR = YES;
				GCC_WARN_UNINITIALIZED_AUTOS = YES_AGGRESSIVE;
				GCC_WARN_UNUSED_FUNCTION = YES;
				GCC_WARN_UNUSED_VARIABLE = YES;
				IPHONEOS_DEPLOYMENT_TARGET = 14.0;
				MTL_ENABLE_DEBUG_INFO = NO;
				MTL_FAST_MATH = YES;
				SDKROOT = iphoneos;
				SWIFT_COMPILATION_MODE = wholemodule;
				SWIFT_OPTIMIZATION_LEVEL = "-O";
				VALIDATE_PRODUCT = YES;
			};
			name = Release;
		};
		B463BCF32531FB4200E1EF24 /* Debug */ = {
			isa = XCBuildConfiguration;
			buildSettings = {
				ASSETCATALOG_COMPILER_APPICON_NAME = AppIcon;
				ASSETCATALOG_COMPILER_GLOBAL_ACCENT_COLOR_NAME = AccentColor;
				CODE_SIGN_STYLE = Automatic;
				DEVELOPMENT_ASSET_PATHS = "\"CUHKMap/Preview Content\"";
				ENABLE_PREVIEWS = YES;
				INFOPLIST_FILE = CUHKMap/Info.plist;
				IPHONEOS_DEPLOYMENT_TARGET = 14.0;
				LD_RUNPATH_SEARCH_PATHS = (
					"$(inherited)",
					"@executable_path/Frameworks",
				);
				PRODUCT_BUNDLE_IDENTIFIER = "Wendy-Gazer.CUHKMap";
				PRODUCT_NAME = "$(TARGET_NAME)";
				SWIFT_VERSION = 5.0;
				TARGETED_DEVICE_FAMILY = "1,2";
			};
			name = Debug;
		};
		B463BCF42531FB4200E1EF24 /* Release */ = {
			isa = XCBuildConfiguration;
			buildSettings = {
				ASSETCATALOG_COMPILER_APPICON_NAME = AppIcon;
				ASSETCATALOG_COMPILER_GLOBAL_ACCENT_COLOR_NAME = AccentColor;
				CODE_SIGN_STYLE = Automatic;
				DEVELOPMENT_ASSET_PATHS = "\"CUHKMap/Preview Content\"";
				ENABLE_PREVIEWS = YES;
				INFOPLIST_FILE = CUHKMap/Info.plist;
				IPHONEOS_DEPLOYMENT_TARGET = 14.0;
				LD_RUNPATH_SEARCH_PATHS = (
					"$(inherited)",
					"@executable_path/Frameworks",
				);
				PRODUCT_BUNDLE_IDENTIFIER = "Wendy-Gazer.CUHKMap";
				PRODUCT_NAME = "$(TARGET_NAME)";
				SWIFT_VERSION = 5.0;
				TARGETED_DEVICE_FAMILY = "1,2";
			};
			name = Release;
		};
		B463BCF62531FB4200E1EF24 /* Debug */ = {
			isa = XCBuildConfiguration;
			buildSettings = {
				ALWAYS_EMBED_SWIFT_STANDARD_LIBRARIES = YES;
				BUNDLE_LOADER = "$(TEST_HOST)";
				CODE_SIGN_STYLE = Automatic;
				INFOPLIST_FILE = CUHKMapTests/Info.plist;
				IPHONEOS_DEPLOYMENT_TARGET = 14.0;
				LD_RUNPATH_SEARCH_PATHS = (
					"$(inherited)",
					"@executable_path/Frameworks",
					"@loader_path/Frameworks",
				);
				PRODUCT_BUNDLE_IDENTIFIER = "Wendy-Gazer.CUHKMapTests";
				PRODUCT_NAME = "$(TARGET_NAME)";
				SWIFT_VERSION = 5.0;
				TARGETED_DEVICE_FAMILY = "1,2";
				TEST_HOST = "$(BUILT_PRODUCTS_DIR)/CUHKMap.app/CUHKMap";
			};
			name = Debug;
		};
		B463BCF72531FB4200E1EF24 /* Release */ = {
			isa = XCBuildConfiguration;
			buildSettings = {
				ALWAYS_EMBED_SWIFT_STANDARD_LIBRARIES = YES;
				BUNDLE_LOADER = "$(TEST_HOST)";
				CODE_SIGN_STYLE = Automatic;
				INFOPLIST_FILE = CUHKMapTests/Info.plist;
				IPHONEOS_DEPLOYMENT_TARGET = 14.0;
				LD_RUNPATH_SEARCH_PATHS = (
					"$(inherited)",
					"@executable_path/Frameworks",
					"@loader_path/Frameworks",
				);
				PRODUCT_BUNDLE_IDENTIFIER = "Wendy-Gazer.CUHKMapTests";
				PRODUCT_NAME = "$(TARGET_NAME)";
				SWIFT_VERSION = 5.0;
				TARGETED_DEVICE_FAMILY = "1,2";
				TEST_HOST = "$(BUILT_PRODUCTS_DIR)/CUHKMap.app/CUHKMap";
			};
			name = Release;
		};
		B463BCF92531FB4200E1EF24 /* Debug */ = {
			isa = XCBuildConfiguration;
			buildSettings = {
				ALWAYS_EMBED_SWIFT_STANDARD_LIBRARIES = YES;
				CODE_SIGN_STYLE = Automatic;
				INFOPLIST_FILE = CUHKMapUITests/Info.plist;
				LD_RUNPATH_SEARCH_PATHS = (
					"$(inherited)",
					"@executable_path/Frameworks",
					"@loader_path/Frameworks",
				);
				PRODUCT_BUNDLE_IDENTIFIER = "Wendy-Gazer.CUHKMapUITests";
				PRODUCT_NAME = "$(TARGET_NAME)";
				SWIFT_VERSION = 5.0;
				TARGETED_DEVICE_FAMILY = "1,2";
				TEST_TARGET_NAME = CUHKMap;
			};
			name = Debug;
		};
		B463BCFA2531FB4200E1EF24 /* Release */ = {
			isa = XCBuildConfiguration;
			buildSettings = {
				ALWAYS_EMBED_SWIFT_STANDARD_LIBRARIES = YES;
				CODE_SIGN_STYLE = Automatic;
				INFOPLIST_FILE = CUHKMapUITests/Info.plist;
				LD_RUNPATH_SEARCH_PATHS = (
					"$(inherited)",
					"@executable_path/Frameworks",
					"@loader_path/Frameworks",
				);
				PRODUCT_BUNDLE_IDENTIFIER = "Wendy-Gazer.CUHKMapUITests";
				PRODUCT_NAME = "$(TARGET_NAME)";
				SWIFT_VERSION = 5.0;
				TARGETED_DEVICE_FAMILY = "1,2";
				TEST_TARGET_NAME = CUHKMap;
			};
			name = Release;
		};
/* End XCBuildConfiguration section */

/* Begin XCConfigurationList section */
		B463BCC82531FB3F00E1EF24 /* Build configuration list for PBXProject "CUHKMap" */ = {
			isa = XCConfigurationList;
			buildConfigurations = (
				B463BCF02531FB4200E1EF24 /* Debug */,
				B463BCF12531FB4200E1EF24 /* Release */,
			);
			defaultConfigurationIsVisible = 0;
			defaultConfigurationName = Release;
		};
		B463BCF22531FB4200E1EF24 /* Build configuration list for PBXNativeTarget "CUHKMap" */ = {
			isa = XCConfigurationList;
			buildConfigurations = (
				B463BCF32531FB4200E1EF24 /* Debug */,
				B463BCF42531FB4200E1EF24 /* Release */,
			);
			defaultConfigurationIsVisible = 0;
			defaultConfigurationName = Release;
		};
		B463BCF52531FB4200E1EF24 /* Build configuration list for PBXNativeTarget "CUHKMapTests" */ = {
			isa = XCConfigurationList;
			buildConfigurations = (
				B463BCF62531FB4200E1EF24 /* Debug */,
				B463BCF72531FB4200E1EF24 /* Release */,
			);
			defaultConfigurationIsVisible = 0;
			defaultConfigurationName = Release;
		};
		B463BCF82531FB4200E1EF24 /* Build configuration list for PBXNativeTarget "CUHKMapUITests" */ = {
			isa = XCConfigurationList;
			buildConfigurations = (
				B463BCF92531FB4200E1EF24 /* Debug */,
				B463BCFA2531FB4200E1EF24 /* Release */,
			);
			defaultConfigurationIsVisible = 0;
			defaultConfigurationName = Release;
		};
/* End XCConfigurationList section */
	};
	rootObject = B463BCC52531FB3F00E1EF24 /* Project object */;
}
