// !$*UTF8*$!
{
	archiveVersion = 1;
	classes = {
	};
	objectVersion = 50;
	objects = {

/* Begin PBXBuildFile section */
		B472F65B254336CC0022437F /* GetMapApp.swift in Sources */ = {isa = PBXBuildFile; fileRef = B472F65A254336CC0022437F /* GetMapApp.swift */; };
		B472F65D254336CC0022437F /* ContentView.swift in Sources */ = {isa = PBXBuildFile; fileRef = B472F65C254336CC0022437F /* ContentView.swift */; };
		B472F65F254336CD0022437F /* Assets.xcassets in Resources */ = {isa = PBXBuildFile; fileRef = B472F65E254336CD0022437F /* Assets.xcassets */; };
		B472F662254336CD0022437F /* Preview Assets.xcassets in Resources */ = {isa = PBXBuildFile; fileRef = B472F661254336CD0022437F /* Preview Assets.xcassets */; };
		B472F66D254336CD0022437F /* GetMapTests.swift in Sources */ = {isa = PBXBuildFile; fileRef = B472F66C254336CD0022437F /* GetMapTests.swift */; };
		B472F678254336CD0022437F /* GetMapUITests.swift in Sources */ = {isa = PBXBuildFile; fileRef = B472F677254336CD0022437F /* GetMapUITests.swift */; };
		B4E212B72545759600485056 /* GestureControlLayer.swift in Sources */ = {isa = PBXBuildFile; fileRef = B4E212B62545759600485056 /* GestureControlLayer.swift */; };
		B4E500A12545F126001A7582 /* LocationPointViewModel.swift in Sources */ = {isa = PBXBuildFile; fileRef = B4E500A02545F126001A7582 /* LocationPointViewModel.swift */; };
		B4E500A92545F170001A7582 /* LocationGetterModel.swift in Sources */ = {isa = PBXBuildFile; fileRef = B4E500A82545F170001A7582 /* LocationGetterModel.swift */; };
/* End PBXBuildFile section */

/* Begin PBXContainerItemProxy section */
		B472F669254336CD0022437F /* PBXContainerItemProxy */ = {
			isa = PBXContainerItemProxy;
			containerPortal = B472F64F254336CC0022437F /* Project object */;
			proxyType = 1;
			remoteGlobalIDString = B472F656254336CC0022437F;
			remoteInfo = GetMap;
		};
		B472F674254336CD0022437F /* PBXContainerItemProxy */ = {
			isa = PBXContainerItemProxy;
			containerPortal = B472F64F254336CC0022437F /* Project object */;
			proxyType = 1;
			remoteGlobalIDString = B472F656254336CC0022437F;
			remoteInfo = GetMap;
		};
/* End PBXContainerItemProxy section */

/* Begin PBXFileReference section */
		B472F657254336CC0022437F /* GetMap.app */ = {isa = PBXFileReference; explicitFileType = wrapper.application; includeInIndex = 0; path = GetMap.app; sourceTree = BUILT_PRODUCTS_DIR; };
		B472F65A254336CC0022437F /* GetMapApp.swift */ = {isa = PBXFileReference; lastKnownFileType = sourcecode.swift; path = GetMapApp.swift; sourceTree = "<group>"; };
		B472F65C254336CC0022437F /* ContentView.swift */ = {isa = PBXFileReference; lastKnownFileType = sourcecode.swift; path = ContentView.swift; sourceTree = "<group>"; };
		B472F65E254336CD0022437F /* Assets.xcassets */ = {isa = PBXFileReference; lastKnownFileType = folder.assetcatalog; path = Assets.xcassets; sourceTree = "<group>"; };
		B472F661254336CD0022437F /* Preview Assets.xcassets */ = {isa = PBXFileReference; lastKnownFileType = folder.assetcatalog; path = "Preview Assets.xcassets"; sourceTree = "<group>"; };
		B472F663254336CD0022437F /* Info.plist */ = {isa = PBXFileReference; lastKnownFileType = text.plist.xml; path = Info.plist; sourceTree = "<group>"; };
		B472F668254336CD0022437F /* GetMapTests.xctest */ = {isa = PBXFileReference; explicitFileType = wrapper.cfbundle; includeInIndex = 0; path = GetMapTests.xctest; sourceTree = BUILT_PRODUCTS_DIR; };
		B472F66C254336CD0022437F /* GetMapTests.swift */ = {isa = PBXFileReference; lastKnownFileType = sourcecode.swift; path = GetMapTests.swift; sourceTree = "<group>"; };
		B472F66E254336CD0022437F /* Info.plist */ = {isa = PBXFileReference; lastKnownFileType = text.plist.xml; path = Info.plist; sourceTree = "<group>"; };
		B472F673254336CD0022437F /* GetMapUITests.xctest */ = {isa = PBXFileReference; explicitFileType = wrapper.cfbundle; includeInIndex = 0; path = GetMapUITests.xctest; sourceTree = BUILT_PRODUCTS_DIR; };
		B472F677254336CD0022437F /* GetMapUITests.swift */ = {isa = PBXFileReference; lastKnownFileType = sourcecode.swift; path = GetMapUITests.swift; sourceTree = "<group>"; };
		B472F679254336CD0022437F /* Info.plist */ = {isa = PBXFileReference; lastKnownFileType = text.plist.xml; path = Info.plist; sourceTree = "<group>"; };
		B4E212B62545759600485056 /* GestureControlLayer.swift */ = {isa = PBXFileReference; lastKnownFileType = sourcecode.swift; path = GestureControlLayer.swift; sourceTree = "<group>"; };
		B4E500A02545F126001A7582 /* LocationPointViewModel.swift */ = {isa = PBXFileReference; lastKnownFileType = sourcecode.swift; path = LocationPointViewModel.swift; sourceTree = "<group>"; };
		B4E500A82545F170001A7582 /* LocationGetterModel.swift */ = {isa = PBXFileReference; lastKnownFileType = sourcecode.swift; path = LocationGetterModel.swift; sourceTree = "<group>"; };
/* End PBXFileReference section */

/* Begin PBXFrameworksBuildPhase section */
		B472F654254336CC0022437F /* Frameworks */ = {
			isa = PBXFrameworksBuildPhase;
			buildActionMask = 2147483647;
			files = (
			);
			runOnlyForDeploymentPostprocessing = 0;
		};
		B472F665254336CD0022437F /* Frameworks */ = {
			isa = PBXFrameworksBuildPhase;
			buildActionMask = 2147483647;
			files = (
			);
			runOnlyForDeploymentPostprocessing = 0;
		};
		B472F670254336CD0022437F /* Frameworks */ = {
			isa = PBXFrameworksBuildPhase;
			buildActionMask = 2147483647;
			files = (
			);
			runOnlyForDeploymentPostprocessing = 0;
		};
/* End PBXFrameworksBuildPhase section */

/* Begin PBXGroup section */
		B472F64E254336CC0022437F = {
			isa = PBXGroup;
			children = (
				B472F659254336CC0022437F /* GetMap */,
				B472F66B254336CD0022437F /* GetMapTests */,
				B472F676254336CD0022437F /* GetMapUITests */,
				B472F658254336CC0022437F /* Products */,
			);
			sourceTree = "<group>";
		};
		B472F658254336CC0022437F /* Products */ = {
			isa = PBXGroup;
			children = (
				B472F657254336CC0022437F /* GetMap.app */,
				B472F668254336CD0022437F /* GetMapTests.xctest */,
				B472F673254336CD0022437F /* GetMapUITests.xctest */,
			);
			name = Products;
			sourceTree = "<group>";
		};
		B472F659254336CC0022437F /* GetMap */ = {
			isa = PBXGroup;
			children = (
				B472F65A254336CC0022437F /* GetMapApp.swift */,
				B472F65C254336CC0022437F /* ContentView.swift */,
				B4E500A02545F126001A7582 /* LocationPointViewModel.swift */,
				B4E212B62545759600485056 /* GestureControlLayer.swift */,
				B4E500A82545F170001A7582 /* LocationGetterModel.swift */,
				B472F65E254336CD0022437F /* Assets.xcassets */,
				B472F663254336CD0022437F /* Info.plist */,
				B472F660254336CD0022437F /* Preview Content */,
			);
			path = GetMap;
			sourceTree = "<group>";
		};
		B472F660254336CD0022437F /* Preview Content */ = {
			isa = PBXGroup;
			children = (
				B472F661254336CD0022437F /* Preview Assets.xcassets */,
			);
			path = "Preview Content";
			sourceTree = "<group>";
		};
		B472F66B254336CD0022437F /* GetMapTests */ = {
			isa = PBXGroup;
			children = (
				B472F66C254336CD0022437F /* GetMapTests.swift */,
				B472F66E254336CD0022437F /* Info.plist */,
			);
			path = GetMapTests;
			sourceTree = "<group>";
		};
		B472F676254336CD0022437F /* GetMapUITests */ = {
			isa = PBXGroup;
			children = (
				B472F677254336CD0022437F /* GetMapUITests.swift */,
				B472F679254336CD0022437F /* Info.plist */,
			);
			path = GetMapUITests;
			sourceTree = "<group>";
		};
/* End PBXGroup section */

/* Begin PBXNativeTarget section */
		B472F656254336CC0022437F /* GetMap */ = {
			isa = PBXNativeTarget;
			buildConfigurationList = B472F67C254336CD0022437F /* Build configuration list for PBXNativeTarget "GetMap" */;
			buildPhases = (
				B472F653254336CC0022437F /* Sources */,
				B472F654254336CC0022437F /* Frameworks */,
				B472F655254336CC0022437F /* Resources */,
			);
			buildRules = (
			);
			dependencies = (
			);
			name = GetMap;
			productName = GetMap;
			productReference = B472F657254336CC0022437F /* GetMap.app */;
			productType = "com.apple.product-type.application";
		};
		B472F667254336CD0022437F /* GetMapTests */ = {
			isa = PBXNativeTarget;
			buildConfigurationList = B472F67F254336CD0022437F /* Build configuration list for PBXNativeTarget "GetMapTests" */;
			buildPhases = (
				B472F664254336CD0022437F /* Sources */,
				B472F665254336CD0022437F /* Frameworks */,
				B472F666254336CD0022437F /* Resources */,
			);
			buildRules = (
			);
			dependencies = (
				B472F66A254336CD0022437F /* PBXTargetDependency */,
			);
			name = GetMapTests;
			productName = GetMapTests;
			productReference = B472F668254336CD0022437F /* GetMapTests.xctest */;
			productType = "com.apple.product-type.bundle.unit-test";
		};
		B472F672254336CD0022437F /* GetMapUITests */ = {
			isa = PBXNativeTarget;
			buildConfigurationList = B472F682254336CD0022437F /* Build configuration list for PBXNativeTarget "GetMapUITests" */;
			buildPhases = (
				B472F66F254336CD0022437F /* Sources */,
				B472F670254336CD0022437F /* Frameworks */,
				B472F671254336CD0022437F /* Resources */,
			);
			buildRules = (
			);
			dependencies = (
				B472F675254336CD0022437F /* PBXTargetDependency */,
			);
			name = GetMapUITests;
			productName = GetMapUITests;
			productReference = B472F673254336CD0022437F /* GetMapUITests.xctest */;
			productType = "com.apple.product-type.bundle.ui-testing";
		};
/* End PBXNativeTarget section */

/* Begin PBXProject section */
		B472F64F254336CC0022437F /* Project object */ = {
			isa = PBXProject;
			attributes = {
				LastSwiftUpdateCheck = 1200;
				LastUpgradeCheck = 1200;
				TargetAttributes = {
					B472F656254336CC0022437F = {
						CreatedOnToolsVersion = 12.0.1;
					};
					B472F667254336CD0022437F = {
						CreatedOnToolsVersion = 12.0.1;
						TestTargetID = B472F656254336CC0022437F;
					};
					B472F672254336CD0022437F = {
						CreatedOnToolsVersion = 12.0.1;
						TestTargetID = B472F656254336CC0022437F;
					};
				};
			};
			buildConfigurationList = B472F652254336CC0022437F /* Build configuration list for PBXProject "GetMap" */;
			compatibilityVersion = "Xcode 9.3";
			developmentRegion = en;
			hasScannedForEncodings = 0;
			knownRegions = (
				en,
				Base,
			);
			mainGroup = B472F64E254336CC0022437F;
			productRefGroup = B472F658254336CC0022437F /* Products */;
			projectDirPath = "";
			projectRoot = "";
			targets = (
				B472F656254336CC0022437F /* GetMap */,
				B472F667254336CD0022437F /* GetMapTests */,
				B472F672254336CD0022437F /* GetMapUITests */,
			);
		};
/* End PBXProject section */

/* Begin PBXResourcesBuildPhase section */
		B472F655254336CC0022437F /* Resources */ = {
			isa = PBXResourcesBuildPhase;
			buildActionMask = 2147483647;
			files = (
				B472F662254336CD0022437F /* Preview Assets.xcassets in Resources */,
				B472F65F254336CD0022437F /* Assets.xcassets in Resources */,
			);
			runOnlyForDeploymentPostprocessing = 0;
		};
		B472F666254336CD0022437F /* Resources */ = {
			isa = PBXResourcesBuildPhase;
			buildActionMask = 2147483647;
			files = (
			);
			runOnlyForDeploymentPostprocessing = 0;
		};
		B472F671254336CD0022437F /* Resources */ = {
			isa = PBXResourcesBuildPhase;
			buildActionMask = 2147483647;
			files = (
			);
			runOnlyForDeploymentPostprocessing = 0;
		};
/* End PBXResourcesBuildPhase section */

/* Begin PBXSourcesBuildPhase section */
		B472F653254336CC0022437F /* Sources */ = {
			isa = PBXSourcesBuildPhase;
			buildActionMask = 2147483647;
			files = (
				B4E212B72545759600485056 /* GestureControlLayer.swift in Sources */,
				B472F65D254336CC0022437F /* ContentView.swift in Sources */,
				B4E500A12545F126001A7582 /* LocationPointViewModel.swift in Sources */,
				B4E500A92545F170001A7582 /* LocationGetterModel.swift in Sources */,
				B472F65B254336CC0022437F /* GetMapApp.swift in Sources */,
			);
			runOnlyForDeploymentPostprocessing = 0;
		};
		B472F664254336CD0022437F /* Sources */ = {
			isa = PBXSourcesBuildPhase;
			buildActionMask = 2147483647;
			files = (
				B472F66D254336CD0022437F /* GetMapTests.swift in Sources */,
			);
			runOnlyForDeploymentPostprocessing = 0;
		};
		B472F66F254336CD0022437F /* Sources */ = {
			isa = PBXSourcesBuildPhase;
			buildActionMask = 2147483647;
			files = (
				B472F678254336CD0022437F /* GetMapUITests.swift in Sources */,
			);
			runOnlyForDeploymentPostprocessing = 0;
		};
/* End PBXSourcesBuildPhase section */

/* Begin PBXTargetDependency section */
		B472F66A254336CD0022437F /* PBXTargetDependency */ = {
			isa = PBXTargetDependency;
			target = B472F656254336CC0022437F /* GetMap */;
			targetProxy = B472F669254336CD0022437F /* PBXContainerItemProxy */;
		};
		B472F675254336CD0022437F /* PBXTargetDependency */ = {
			isa = PBXTargetDependency;
			target = B472F656254336CC0022437F /* GetMap */;
			targetProxy = B472F674254336CD0022437F /* PBXContainerItemProxy */;
		};
/* End PBXTargetDependency section */

/* Begin XCBuildConfiguration section */
		B472F67A254336CD0022437F /* Debug */ = {
			isa = XCBuildConfiguration;
			buildSettings = {
				ALWAYS_SEARCH_USER_PATHS = NO;
				CLANG_ANALYZER_NONNULL = YES;
				CLANG_ANALYZER_NUMBER_OBJECT_CONVERSION = YES_AGGRESSIVE;
				CLANG_CXX_LANGUAGE_STANDARD = "gnu++14";
				CLANG_CXX_LIBRARY = "libc++";
				CLANG_ENABLE_MODULES = YES;
				CLANG_ENABLE_OBJC_ARC = YES;
				CLANG_ENABLE_OBJC_WEAK = YES;
				CLANG_WARN_BLOCK_CAPTURE_AUTORELEASING = YES;
				CLANG_WARN_BOOL_CONVERSION = YES;
				CLANG_WARN_COMMA = YES;
				CLANG_WARN_CONSTANT_CONVERSION = YES;
				CLANG_WARN_DEPRECATED_OBJC_IMPLEMENTATIONS = YES;
				CLANG_WARN_DIRECT_OBJC_ISA_USAGE = YES_ERROR;
				CLANG_WARN_DOCUMENTATION_COMMENTS = YES;
				CLANG_WARN_EMPTY_BODY = YES;
				CLANG_WARN_ENUM_CONVERSION = YES;
				CLANG_WARN_INFINITE_RECURSION = YES;
				CLANG_WARN_INT_CONVERSION = YES;
				CLANG_WARN_NON_LITERAL_NULL_CONVERSION = YES;
				CLANG_WARN_OBJC_IMPLICIT_RETAIN_SELF = YES;
				CLANG_WARN_OBJC_LITERAL_CONVERSION = YES;
				CLANG_WARN_OBJC_ROOT_CLASS = YES_ERROR;
				CLANG_WARN_QUOTED_INCLUDE_IN_FRAMEWORK_HEADER = YES;
				CLANG_WARN_RANGE_LOOP_ANALYSIS = YES;
				CLANG_WARN_STRICT_PROTOTYPES = YES;
				CLANG_WARN_SUSPICIOUS_MOVE = YES;
				CLANG_WARN_UNGUARDED_AVAILABILITY = YES_AGGRESSIVE;
				CLANG_WARN_UNREACHABLE_CODE = YES;
				CLANG_WARN__DUPLICATE_METHOD_MATCH = YES;
				COPY_PHASE_STRIP = NO;
				DEBUG_INFORMATION_FORMAT = dwarf;
				ENABLE_STRICT_OBJC_MSGSEND = YES;
				ENABLE_TESTABILITY = YES;
				GCC_C_LANGUAGE_STANDARD = gnu11;
				GCC_DYNAMIC_NO_PIC = NO;
				GCC_NO_COMMON_BLOCKS = YES;
				GCC_OPTIMIZATION_LEVEL = 0;
				GCC_PREPROCESSOR_DEFINITIONS = (
					"DEBUG=1",
					"$(inherited)",
				);
				GCC_WARN_64_TO_32_BIT_CONVERSION = YES;
				GCC_WARN_ABOUT_RETURN_TYPE = YES_ERROR;
				GCC_WARN_UNDECLARED_SELECTOR = YES;
				GCC_WARN_UNINITIALIZED_AUTOS = YES_AGGRESSIVE;
				GCC_WARN_UNUSED_FUNCTION = YES;
				GCC_WARN_UNUSED_VARIABLE = YES;
				IPHONEOS_DEPLOYMENT_TARGET = 14.0;
				MTL_ENABLE_DEBUG_INFO = INCLUDE_SOURCE;
				MTL_FAST_MATH = YES;
				ONLY_ACTIVE_ARCH = YES;
				SDKROOT = iphoneos;
				SWIFT_ACTIVE_COMPILATION_CONDITIONS = DEBUG;
				SWIFT_OPTIMIZATION_LEVEL = "-Onone";
			};
			name = Debug;
		};
		B472F67B254336CD0022437F /* Release */ = {
			isa = XCBuildConfiguration;
			buildSettings = {
				ALWAYS_SEARCH_USER_PATHS = NO;
				CLANG_ANALYZER_NONNULL = YES;
				CLANG_ANALYZER_NUMBER_OBJECT_CONVERSION = YES_AGGRESSIVE;
				CLANG_CXX_LANGUAGE_STANDARD = "gnu++14";
				CLANG_CXX_LIBRARY = "libc++";
				CLANG_ENABLE_MODULES = YES;
				CLANG_ENABLE_OBJC_ARC = YES;
				CLANG_ENABLE_OBJC_WEAK = YES;
				CLANG_WARN_BLOCK_CAPTURE_AUTORELEASING = YES;
				CLANG_WARN_BOOL_CONVERSION = YES;
				CLANG_WARN_COMMA = YES;
				CLANG_WARN_CONSTANT_CONVERSION = YES;
				CLANG_WARN_DEPRECATED_OBJC_IMPLEMENTATIONS = YES;
				CLANG_WARN_DIRECT_OBJC_ISA_USAGE = YES_ERROR;
				CLANG_WARN_DOCUMENTATION_COMMENTS = YES;
				CLANG_WARN_EMPTY_BODY = YES;
				CLANG_WARN_ENUM_CONVERSION = YES;
				CLANG_WARN_INFINITE_RECURSION = YES;
				CLANG_WARN_INT_CONVERSION = YES;
				CLANG_WARN_NON_LITERAL_NULL_CONVERSION = YES;
				CLANG_WARN_OBJC_IMPLICIT_RETAIN_SELF = YES;
				CLANG_WARN_OBJC_LITERAL_CONVERSION = YES;
				CLANG_WARN_OBJC_ROOT_CLASS = YES_ERROR;
				CLANG_WARN_QUOTED_INCLUDE_IN_FRAMEWORK_HEADER = YES;
				CLANG_WARN_RANGE_LOOP_ANALYSIS = YES;
				CLANG_WARN_STRICT_PROTOTYPES = YES;
				CLANG_WARN_SUSPICIOUS_MOVE = YES;
				CLANG_WARN_UNGUARDED_AVAILABILITY = YES_AGGRESSIVE;
				CLANG_WARN_UNREACHABLE_CODE = YES;
				CLANG_WARN__DUPLICATE_METHOD_MATCH = YES;
				COPY_PHASE_STRIP = NO;
				DEBUG_INFORMATION_FORMAT = "dwarf-with-dsym";
				ENABLE_NS_ASSERTIONS = NO;
				ENABLE_STRICT_OBJC_MSGSEND = YES;
				GCC_C_LANGUAGE_STANDARD = gnu11;
				GCC_NO_COMMON_BLOCKS = YES;
				GCC_WARN_64_TO_32_BIT_CONVERSION = YES;
				GCC_WARN_ABOUT_RETURN_TYPE = YES_ERROR;
				GCC_WARN_UNDECLARED_SELECTOR = YES;
				GCC_WARN_UNINITIALIZED_AUTOS = YES_AGGRESSIVE;
				GCC_WARN_UNUSED_FUNCTION = YES;
				GCC_WARN_UNUSED_VARIABLE = YES;
				IPHONEOS_DEPLOYMENT_TARGET = 14.0;
				MTL_ENABLE_DEBUG_INFO = NO;
				MTL_FAST_MATH = YES;
				SDKROOT = iphoneos;
				SWIFT_COMPILATION_MODE = wholemodule;
				SWIFT_OPTIMIZATION_LEVEL = "-O";
				VALIDATE_PRODUCT = YES;
			};
			name = Release;
		};
		B472F67D254336CD0022437F /* Debug */ = {
			isa = XCBuildConfiguration;
			buildSettings = {
				ASSETCATALOG_COMPILER_APPICON_NAME = AppIcon;
				ASSETCATALOG_COMPILER_GLOBAL_ACCENT_COLOR_NAME = AccentColor;
				CODE_SIGN_STYLE = Automatic;
				DEVELOPMENT_ASSET_PATHS = "\"GetMap/Preview Content\"";
				DEVELOPMENT_TEAM = N5A7GY9PDW;
				ENABLE_PREVIEWS = YES;
				INFOPLIST_FILE = GetMap/Info.plist;
				IPHONEOS_DEPLOYMENT_TARGET = 14.0;
				LD_RUNPATH_SEARCH_PATHS = (
					"$(inherited)",
					"@executable_path/Frameworks",
				);
				PRODUCT_BUNDLE_IDENTIFIER = FYP.GetMap;
				PRODUCT_NAME = "$(TARGET_NAME)";
				SWIFT_VERSION = 5.0;
				TARGETED_DEVICE_FAMILY = "1,2";
			};
			name = Debug;
		};
		B472F67E254336CD0022437F /* Release */ = {
			isa = XCBuildConfiguration;
			buildSettings = {
				ASSETCATALOG_COMPILER_APPICON_NAME = AppIcon;
				ASSETCATALOG_COMPILER_GLOBAL_ACCENT_COLOR_NAME = AccentColor;
				CODE_SIGN_STYLE = Automatic;
				DEVELOPMENT_ASSET_PATHS = "\"GetMap/Preview Content\"";
				DEVELOPMENT_TEAM = N5A7GY9PDW;
				ENABLE_PREVIEWS = YES;
				INFOPLIST_FILE = GetMap/Info.plist;
				IPHONEOS_DEPLOYMENT_TARGET = 14.0;
				LD_RUNPATH_SEARCH_PATHS = (
					"$(inherited)",
					"@executable_path/Frameworks",
				);
				PRODUCT_BUNDLE_IDENTIFIER = FYP.GetMap;
				PRODUCT_NAME = "$(TARGET_NAME)";
				SWIFT_VERSION = 5.0;
				TARGETED_DEVICE_FAMILY = "1,2";
			};
			name = Release;
		};
		B472F680254336CD0022437F /* Debug */ = {
			isa = XCBuildConfiguration;
			buildSettings = {
				ALWAYS_EMBED_SWIFT_STANDARD_LIBRARIES = YES;
				BUNDLE_LOADER = "$(TEST_HOST)";
				CODE_SIGN_STYLE = Automatic;
				DEVELOPMENT_TEAM = N5A7GY9PDW;
				INFOPLIST_FILE = GetMapTests/Info.plist;
				IPHONEOS_DEPLOYMENT_TARGET = 14.0;
				LD_RUNPATH_SEARCH_PATHS = (
					"$(inherited)",
					"@executable_path/Frameworks",
					"@loader_path/Frameworks",
				);
				PRODUCT_BUNDLE_IDENTIFIER = FYP.GetMapTests;
				PRODUCT_NAME = "$(TARGET_NAME)";
				SWIFT_VERSION = 5.0;
				TARGETED_DEVICE_FAMILY = "1,2";
				TEST_HOST = "$(BUILT_PRODUCTS_DIR)/GetMap.app/GetMap";
			};
			name = Debug;
		};
		B472F681254336CD0022437F /* Release */ = {
			isa = XCBuildConfiguration;
			buildSettings = {
				ALWAYS_EMBED_SWIFT_STANDARD_LIBRARIES = YES;
				BUNDLE_LOADER = "$(TEST_HOST)";
				CODE_SIGN_STYLE = Automatic;
				DEVELOPMENT_TEAM = N5A7GY9PDW;
				INFOPLIST_FILE = GetMapTests/Info.plist;
				IPHONEOS_DEPLOYMENT_TARGET = 14.0;
				LD_RUNPATH_SEARCH_PATHS = (
					"$(inherited)",
					"@executable_path/Frameworks",
					"@loader_path/Frameworks",
				);
				PRODUCT_BUNDLE_IDENTIFIER = FYP.GetMapTests;
				PRODUCT_NAME = "$(TARGET_NAME)";
				SWIFT_VERSION = 5.0;
				TARGETED_DEVICE_FAMILY = "1,2";
				TEST_HOST = "$(BUILT_PRODUCTS_DIR)/GetMap.app/GetMap";
			};
			name = Release;
		};
		B472F683254336CD0022437F /* Debug */ = {
			isa = XCBuildConfiguration;
			buildSettings = {
				ALWAYS_EMBED_SWIFT_STANDARD_LIBRARIES = YES;
				CODE_SIGN_STYLE = Automatic;
				DEVELOPMENT_TEAM = N5A7GY9PDW;
				INFOPLIST_FILE = GetMapUITests/Info.plist;
				LD_RUNPATH_SEARCH_PATHS = (
					"$(inherited)",
					"@executable_path/Frameworks",
					"@loader_path/Frameworks",
				);
				PRODUCT_BUNDLE_IDENTIFIER = FYP.GetMapUITests;
				PRODUCT_NAME = "$(TARGET_NAME)";
				SWIFT_VERSION = 5.0;
				TARGETED_DEVICE_FAMILY = "1,2";
				TEST_TARGET_NAME = GetMap;
			};
			name = Debug;
		};
		B472F684254336CD0022437F /* Release */ = {
			isa = XCBuildConfiguration;
			buildSettings = {
				ALWAYS_EMBED_SWIFT_STANDARD_LIBRARIES = YES;
				CODE_SIGN_STYLE = Automatic;
				DEVELOPMENT_TEAM = N5A7GY9PDW;
				INFOPLIST_FILE = GetMapUITests/Info.plist;
				LD_RUNPATH_SEARCH_PATHS = (
					"$(inherited)",
					"@executable_path/Frameworks",
					"@loader_path/Frameworks",
				);
				PRODUCT_BUNDLE_IDENTIFIER = FYP.GetMapUITests;
				PRODUCT_NAME = "$(TARGET_NAME)";
				SWIFT_VERSION = 5.0;
				TARGETED_DEVICE_FAMILY = "1,2";
				TEST_TARGET_NAME = GetMap;
			};
			name = Release;
		};
/* End XCBuildConfiguration section */

/* Begin XCConfigurationList section */
		B472F652254336CC0022437F /* Build configuration list for PBXProject "GetMap" */ = {
			isa = XCConfigurationList;
			buildConfigurations = (
				B472F67A254336CD0022437F /* Debug */,
				B472F67B254336CD0022437F /* Release */,
			);
			defaultConfigurationIsVisible = 0;
			defaultConfigurationName = Release;
		};
		B472F67C254336CD0022437F /* Build configuration list for PBXNativeTarget "GetMap" */ = {
			isa = XCConfigurationList;
			buildConfigurations = (
				B472F67D254336CD0022437F /* Debug */,
				B472F67E254336CD0022437F /* Release */,
			);
			defaultConfigurationIsVisible = 0;
			defaultConfigurationName = Release;
		};
		B472F67F254336CD0022437F /* Build configuration list for PBXNativeTarget "GetMapTests" */ = {
			isa = XCConfigurationList;
			buildConfigurations = (
				B472F680254336CD0022437F /* Debug */,
				B472F681254336CD0022437F /* Release */,
			);
			defaultConfigurationIsVisible = 0;
			defaultConfigurationName = Release;
		};
		B472F682254336CD0022437F /* Build configuration list for PBXNativeTarget "GetMapUITests" */ = {
			isa = XCConfigurationList;
			buildConfigurations = (
				B472F683254336CD0022437F /* Debug */,
				B472F684254336CD0022437F /* Release */,
			);
			defaultConfigurationIsVisible = 0;
			defaultConfigurationName = Release;
		};
/* End XCConfigurationList section */
	};
	rootObject = B472F64F254336CC0022437F /* Project object */;
}
