// !$*UTF8*$!
{
	archiveVersion = 1;
	classes = {
	};
	objectVersion = 50;
	objects = {

/* Begin PBXBuildFile section */
		B437781C257155C100918432 /* GetMapApp.swift in Sources */ = {isa = PBXBuildFile; fileRef = B437781B257155C100918432 /* GetMapApp.swift */; };
		B437781E257155C100918432 /* ContentView.swift in Sources */ = {isa = PBXBuildFile; fileRef = B437781D257155C100918432 /* ContentView.swift */; };
		B4377820257155C300918432 /* Assets.xcassets in Resources */ = {isa = PBXBuildFile; fileRef = B437781F257155C300918432 /* Assets.xcassets */; };
		B4377823257155C300918432 /* Preview Assets.xcassets in Resources */ = {isa = PBXBuildFile; fileRef = B4377822257155C300918432 /* Preview Assets.xcassets */; };
		B437784F257155F700918432 /* Constant.swift in Sources */ = {isa = PBXBuildFile; fileRef = B437784E257155F700918432 /* Constant.swift */; };
		B43778822571581B00918432 /* UserPoint.swift in Sources */ = {isa = PBXBuildFile; fileRef = B43778812571581B00918432 /* UserPoint.swift */; };
		B43778AE2571590C00918432 /* ClusterFunc.swift in Sources */ = {isa = PBXBuildFile; fileRef = B43778AD2571590C00918432 /* ClusterFunc.swift */; };
		B43778B32571591B00918432 /* DistFunc.swift in Sources */ = {isa = PBXBuildFile; fileRef = B43778B22571591B00918432 /* DistFunc.swift */; };
		B43778B82571593000918432 /* PartFunc.swift in Sources */ = {isa = PBXBuildFile; fileRef = B43778B72571593000918432 /* PartFunc.swift */; };
		B43778BD2571594400918432 /* RepresentFunc.swift in Sources */ = {isa = PBXBuildFile; fileRef = B43778BC2571594400918432 /* RepresentFunc.swift */; };
		B43778F12572C71B00918432 /* ProcessPage.swift in Sources */ = {isa = PBXBuildFile; fileRef = B43778F02572C71B00918432 /* ProcessPage.swift */; };
		B43778F92572C80200918432 /* LocationPage.swift in Sources */ = {isa = PBXBuildFile; fileRef = B43778F82572C80200918432 /* LocationPage.swift */; };
		B43779132572D9AC00918432 /* MainPage.swift in Sources */ = {isa = PBXBuildFile; fileRef = B43779122572D9AC00918432 /* MainPage.swift */; };
		B437799B257693EF00918432 /* ConnectFunc.swift in Sources */ = {isa = PBXBuildFile; fileRef = B437799A257693EF00918432 /* ConnectFunc.swift */; };
		B43779A02577114100918432 /* RouteGenerFunc.swift in Sources */ = {isa = PBXBuildFile; fileRef = B437799F2577114100918432 /* RouteGenerFunc.swift */; };
		B488963D25A795BB00D8AD47 /* Location.swift in Sources */ = {isa = PBXBuildFile; fileRef = B488963C25A795BB00D8AD47 /* Location.swift */; };
		B488964525A7960200D8AD47 /* Trajectory.swift in Sources */ = {isa = PBXBuildFile; fileRef = B488964425A7960200D8AD47 /* Trajectory.swift */; };
		B488964A25A7962400D8AD47 /* Route.swift in Sources */ = {isa = PBXBuildFile; fileRef = B488964925A7962400D8AD47 /* Route.swift */; };
		B488964F25A7969400D8AD47 /* Bus.swift in Sources */ = {isa = PBXBuildFile; fileRef = B488964E25A7969400D8AD47 /* Bus.swift */; };
		B488965425A796D700D8AD47 /* Coor3D.swift in Sources */ = {isa = PBXBuildFile; fileRef = B488965325A796D700D8AD47 /* Coor3D.swift */; };
		B488965C25A7973300D8AD47 /* LineSeg.swift in Sources */ = {isa = PBXBuildFile; fileRef = B488965B25A7973300D8AD47 /* LineSeg.swift */; };
		B488966125A7976000D8AD47 /* Offset.swift in Sources */ = {isa = PBXBuildFile; fileRef = B488966025A7976000D8AD47 /* Offset.swift */; };
		B488966625A797E700D8AD47 /* BasicExten.swift in Sources */ = {isa = PBXBuildFile; fileRef = B488966525A797E700D8AD47 /* BasicExten.swift */; };
		B488966B25A7983800D8AD47 /* MongoRes.swift in Sources */ = {isa = PBXBuildFile; fileRef = B488966A25A7983800D8AD47 /* MongoRes.swift */; };
		B48F7B76258E87FC00EED1C1 /* LocationGetterModel.swift in Sources */ = {isa = PBXBuildFile; fileRef = B48F7B75258E87FC00EED1C1 /* LocationGetterModel.swift */; };
		B48F7B7B258E8C9000EED1C1 /* TrajPage.swift in Sources */ = {isa = PBXBuildFile; fileRef = B48F7B7A258E8C9000EED1C1 /* TrajPage.swift */; };
		B48F7B80258EACB700EED1C1 /* MapComponent.swift in Sources */ = {isa = PBXBuildFile; fileRef = B48F7B7F258EACB700EED1C1 /* MapComponent.swift */; };
		B48F7BAA259213FE00EED1C1 /* SearchPage.swift in Sources */ = {isa = PBXBuildFile; fileRef = B48F7BA9259213FE00EED1C1 /* SearchPage.swift */; };
		B4DA2597259CEC01002A0009 /* BusPage.swift in Sources */ = {isa = PBXBuildFile; fileRef = B4DA2596259CEC01002A0009 /* BusPage.swift */; };
		B4DA259D259CF8B7002A0009 /* ButtonStyle.swift in Sources */ = {isa = PBXBuildFile; fileRef = B4DA259C259CF8B7002A0009 /* ButtonStyle.swift */; };
		B4DA25A6259D0170002A0009 /* CheckBox.swift in Sources */ = {isa = PBXBuildFile; fileRef = B4DA25A5259D0170002A0009 /* CheckBox.swift */; };
/* End PBXBuildFile section */

/* Begin PBXContainerItemProxy section */
		B437782F257155C300918432 /* PBXContainerItemProxy */ = {
			isa = PBXContainerItemProxy;
			containerPortal = B4377810257155C100918432 /* Project object */;
			proxyType = 1;
			remoteGlobalIDString = B4377817257155C100918432;
			remoteInfo = GetMap;
		};
		B437783A257155C300918432 /* PBXContainerItemProxy */ = {
			isa = PBXContainerItemProxy;
			containerPortal = B4377810257155C100918432 /* Project object */;
			proxyType = 1;
			remoteGlobalIDString = B4377817257155C100918432;
			remoteInfo = GetMap;
		};
/* End PBXContainerItemProxy section */

/* Begin PBXFileReference section */
		B4377818257155C100918432 /* GetMap.app */ = {isa = PBXFileReference; explicitFileType = wrapper.application; includeInIndex = 0; path = GetMap.app; sourceTree = BUILT_PRODUCTS_DIR; };
		B437781B257155C100918432 /* GetMapApp.swift */ = {isa = PBXFileReference; lastKnownFileType = sourcecode.swift; path = GetMapApp.swift; sourceTree = "<group>"; };
		B437781D257155C100918432 /* ContentView.swift */ = {isa = PBXFileReference; lastKnownFileType = sourcecode.swift; path = ContentView.swift; sourceTree = "<group>"; };
		B437781F257155C300918432 /* Assets.xcassets */ = {isa = PBXFileReference; lastKnownFileType = folder.assetcatalog; path = Assets.xcassets; sourceTree = "<group>"; };
		B4377822257155C300918432 /* Preview Assets.xcassets */ = {isa = PBXFileReference; lastKnownFileType = folder.assetcatalog; path = "Preview Assets.xcassets"; sourceTree = "<group>"; };
		B4377829257155C300918432 /* Info.plist */ = {isa = PBXFileReference; lastKnownFileType = text.plist.xml; path = Info.plist; sourceTree = "<group>"; };
		B437782E257155C300918432 /* GetMapTests.xctest */ = {isa = PBXFileReference; explicitFileType = wrapper.cfbundle; includeInIndex = 0; path = GetMapTests.xctest; sourceTree = BUILT_PRODUCTS_DIR; };
		B4377839257155C300918432 /* GetMapUITests.xctest */ = {isa = PBXFileReference; explicitFileType = wrapper.cfbundle; includeInIndex = 0; path = GetMapUITests.xctest; sourceTree = BUILT_PRODUCTS_DIR; };
		B437784E257155F700918432 /* Constant.swift */ = {isa = PBXFileReference; lastKnownFileType = sourcecode.swift; path = Constant.swift; sourceTree = "<group>"; };
		B43778812571581B00918432 /* UserPoint.swift */ = {isa = PBXFileReference; lastKnownFileType = sourcecode.swift; path = UserPoint.swift; sourceTree = "<group>"; };
		B43778AD2571590C00918432 /* ClusterFunc.swift */ = {isa = PBXFileReference; lastKnownFileType = sourcecode.swift; path = ClusterFunc.swift; sourceTree = "<group>"; };
		B43778B22571591B00918432 /* DistFunc.swift */ = {isa = PBXFileReference; lastKnownFileType = sourcecode.swift; path = DistFunc.swift; sourceTree = "<group>"; };
		B43778B72571593000918432 /* PartFunc.swift */ = {isa = PBXFileReference; lastKnownFileType = sourcecode.swift; path = PartFunc.swift; sourceTree = "<group>"; };
		B43778BC2571594400918432 /* RepresentFunc.swift */ = {isa = PBXFileReference; lastKnownFileType = sourcecode.swift; path = RepresentFunc.swift; sourceTree = "<group>"; };
		B43778F02572C71B00918432 /* ProcessPage.swift */ = {isa = PBXFileReference; lastKnownFileType = sourcecode.swift; path = ProcessPage.swift; sourceTree = "<group>"; };
		B43778F82572C80200918432 /* LocationPage.swift */ = {isa = PBXFileReference; lastKnownFileType = sourcecode.swift; path = LocationPage.swift; sourceTree = "<group>"; };
		B43779122572D9AC00918432 /* MainPage.swift */ = {isa = PBXFileReference; lastKnownFileType = sourcecode.swift; path = MainPage.swift; sourceTree = "<group>"; };
		B437799A257693EF00918432 /* ConnectFunc.swift */ = {isa = PBXFileReference; lastKnownFileType = sourcecode.swift; path = ConnectFunc.swift; sourceTree = "<group>"; };
		B437799F2577114100918432 /* RouteGenerFunc.swift */ = {isa = PBXFileReference; lastKnownFileType = sourcecode.swift; path = RouteGenerFunc.swift; sourceTree = "<group>"; };
		B488963C25A795BB00D8AD47 /* Location.swift */ = {isa = PBXFileReference; lastKnownFileType = sourcecode.swift; path = Location.swift; sourceTree = "<group>"; };
		B488964425A7960200D8AD47 /* Trajectory.swift */ = {isa = PBXFileReference; lastKnownFileType = sourcecode.swift; path = Trajectory.swift; sourceTree = "<group>"; };
		B488964925A7962400D8AD47 /* Route.swift */ = {isa = PBXFileReference; lastKnownFileType = sourcecode.swift; path = Route.swift; sourceTree = "<group>"; };
		B488964E25A7969400D8AD47 /* Bus.swift */ = {isa = PBXFileReference; lastKnownFileType = sourcecode.swift; path = Bus.swift; sourceTree = "<group>"; };
		B488965325A796D700D8AD47 /* Coor3D.swift */ = {isa = PBXFileReference; lastKnownFileType = sourcecode.swift; path = Coor3D.swift; sourceTree = "<group>"; };
		B488965B25A7973300D8AD47 /* LineSeg.swift */ = {isa = PBXFileReference; lastKnownFileType = sourcecode.swift; path = LineSeg.swift; sourceTree = "<group>"; };
		B488966025A7976000D8AD47 /* Offset.swift */ = {isa = PBXFileReference; lastKnownFileType = sourcecode.swift; path = Offset.swift; sourceTree = "<group>"; };
		B488966525A797E700D8AD47 /* BasicExten.swift */ = {isa = PBXFileReference; lastKnownFileType = sourcecode.swift; path = BasicExten.swift; sourceTree = "<group>"; };
		B488966A25A7983800D8AD47 /* MongoRes.swift */ = {isa = PBXFileReference; lastKnownFileType = sourcecode.swift; path = MongoRes.swift; sourceTree = "<group>"; };
		B48F7B75258E87FC00EED1C1 /* LocationGetterModel.swift */ = {isa = PBXFileReference; lastKnownFileType = sourcecode.swift; path = LocationGetterModel.swift; sourceTree = "<group>"; };
		B48F7B7A258E8C9000EED1C1 /* TrajPage.swift */ = {isa = PBXFileReference; lastKnownFileType = sourcecode.swift; path = TrajPage.swift; sourceTree = "<group>"; };
		B48F7B7F258EACB700EED1C1 /* MapComponent.swift */ = {isa = PBXFileReference; lastKnownFileType = sourcecode.swift; path = MapComponent.swift; sourceTree = "<group>"; };
		B48F7BA9259213FE00EED1C1 /* SearchPage.swift */ = {isa = PBXFileReference; lastKnownFileType = sourcecode.swift; path = SearchPage.swift; sourceTree = "<group>"; };
		B4DA2596259CEC01002A0009 /* BusPage.swift */ = {isa = PBXFileReference; lastKnownFileType = sourcecode.swift; path = BusPage.swift; sourceTree = "<group>"; };
		B4DA259C259CF8B7002A0009 /* ButtonStyle.swift */ = {isa = PBXFileReference; lastKnownFileType = sourcecode.swift; path = ButtonStyle.swift; sourceTree = "<group>"; };
		B4DA25A5259D0170002A0009 /* CheckBox.swift */ = {isa = PBXFileReference; lastKnownFileType = sourcecode.swift; path = CheckBox.swift; sourceTree = "<group>"; };
/* End PBXFileReference section */

/* Begin PBXFrameworksBuildPhase section */
		B4377815257155C100918432 /* Frameworks */ = {
			isa = PBXFrameworksBuildPhase;
			buildActionMask = 2147483647;
			files = (
			);
			runOnlyForDeploymentPostprocessing = 0;
		};
		B437782B257155C300918432 /* Frameworks */ = {
			isa = PBXFrameworksBuildPhase;
			buildActionMask = 2147483647;
			files = (
			);
			runOnlyForDeploymentPostprocessing = 0;
		};
		B4377836257155C300918432 /* Frameworks */ = {
			isa = PBXFrameworksBuildPhase;
			buildActionMask = 2147483647;
			files = (
			);
			runOnlyForDeploymentPostprocessing = 0;
		};
/* End PBXFrameworksBuildPhase section */

/* Begin PBXGroup section */
		B437780F257155C100918432 = {
			isa = PBXGroup;
			children = (
				B437781A257155C100918432 /* GetMap */,
				B4377819257155C100918432 /* Products */,
			);
			sourceTree = "<group>";
		};
		B4377819257155C100918432 /* Products */ = {
			isa = PBXGroup;
			children = (
				B4377818257155C100918432 /* GetMap.app */,
				B437782E257155C300918432 /* GetMapTests.xctest */,
				B4377839257155C300918432 /* GetMapUITests.xctest */,
			);
			name = Products;
			sourceTree = "<group>";
		};
		B437781A257155C100918432 /* GetMap */ = {
			isa = PBXGroup;
			children = (
				B437781B257155C100918432 /* GetMapApp.swift */,
				B437781D257155C100918432 /* ContentView.swift */,
				B437784E257155F700918432 /* Constant.swift */,
				B488963B25A795A600D8AD47 /* Data Structure */,
				B4DA25A4259D012B002A0009 /* Custom Module */,
				B4DA259B259CF89E002A0009 /* Style */,
				B43778EF2572C70400918432 /* Page */,
				B437781F257155C300918432 /* Assets.xcassets */,
				B4377829257155C300918432 /* Info.plist */,
				B4377821257155C300918432 /* Preview Content */,
			);
			path = GetMap;
			sourceTree = "<group>";
		};
		B4377821257155C300918432 /* Preview Content */ = {
			isa = PBXGroup;
			children = (
				B4377822257155C300918432 /* Preview Assets.xcassets */,
			);
			path = "Preview Content";
			sourceTree = "<group>";
		};
		B437789D2571589800918432 /* Process Func */ = {
			isa = PBXGroup;
			children = (
				B43778B22571591B00918432 /* DistFunc.swift */,
				B43778B72571593000918432 /* PartFunc.swift */,
				B43778AD2571590C00918432 /* ClusterFunc.swift */,
				B43778BC2571594400918432 /* RepresentFunc.swift */,
				B437799A257693EF00918432 /* ConnectFunc.swift */,
				B437799F2577114100918432 /* RouteGenerFunc.swift */,
			);
			path = "Process Func";
			sourceTree = "<group>";
		};
		B43778EF2572C70400918432 /* Page */ = {
			isa = PBXGroup;
			children = (
				B488962A25A5EDA700D8AD47 /* View Model */,
				B437789D2571589800918432 /* Process Func */,
				B43779122572D9AC00918432 /* MainPage.swift */,
				B48F7B7A258E8C9000EED1C1 /* TrajPage.swift */,
				B43778F02572C71B00918432 /* ProcessPage.swift */,
				B43778F82572C80200918432 /* LocationPage.swift */,
				B4DA2596259CEC01002A0009 /* BusPage.swift */,
				B48F7BA9259213FE00EED1C1 /* SearchPage.swift */,
			);
			path = Page;
			sourceTree = "<group>";
		};
		B488962A25A5EDA700D8AD47 /* View Model */ = {
			isa = PBXGroup;
			children = (
				B43778812571581B00918432 /* UserPoint.swift */,
				B48F7B7F258EACB700EED1C1 /* MapComponent.swift */,
			);
			path = "View Model";
			sourceTree = "<group>";
		};
		B488963B25A795A600D8AD47 /* Data Structure */ = {
			isa = PBXGroup;
			children = (
				B488963C25A795BB00D8AD47 /* Location.swift */,
				B488964425A7960200D8AD47 /* Trajectory.swift */,
				B488964925A7962400D8AD47 /* Route.swift */,
				B488964E25A7969400D8AD47 /* Bus.swift */,
				B488965325A796D700D8AD47 /* Coor3D.swift */,
				B488965B25A7973300D8AD47 /* LineSeg.swift */,
				B488966025A7976000D8AD47 /* Offset.swift */,
				B488966525A797E700D8AD47 /* BasicExten.swift */,
				B488966A25A7983800D8AD47 /* MongoRes.swift */,
			);
			path = "Data Structure";
			sourceTree = "<group>";
		};
		B4DA259B259CF89E002A0009 /* Style */ = {
			isa = PBXGroup;
			children = (
				B4DA259C259CF8B7002A0009 /* ButtonStyle.swift */,
			);
			path = Style;
			sourceTree = "<group>";
		};
		B4DA25A4259D012B002A0009 /* Custom Module */ = {
			isa = PBXGroup;
			children = (
				B48F7B75258E87FC00EED1C1 /* LocationGetterModel.swift */,
				B4DA25A5259D0170002A0009 /* CheckBox.swift */,
			);
			path = "Custom Module";
			sourceTree = "<group>";
		};
/* End PBXGroup section */

/* Begin PBXNativeTarget section */
		B4377817257155C100918432 /* GetMap */ = {
			isa = PBXNativeTarget;
			buildConfigurationList = B4377842257155C300918432 /* Build configuration list for PBXNativeTarget "GetMap" */;
			buildPhases = (
				B4377814257155C100918432 /* Sources */,
				B4377815257155C100918432 /* Frameworks */,
				B4377816257155C100918432 /* Resources */,
			);
			buildRules = (
			);
			dependencies = (
			);
			name = GetMap;
			productName = GetMap;
			productReference = B4377818257155C100918432 /* GetMap.app */;
			productType = "com.apple.product-type.application";
		};
		B437782D257155C300918432 /* GetMapTests */ = {
			isa = PBXNativeTarget;
			buildConfigurationList = B4377845257155C300918432 /* Build configuration list for PBXNativeTarget "GetMapTests" */;
			buildPhases = (
				B437782A257155C300918432 /* Sources */,
				B437782B257155C300918432 /* Frameworks */,
				B437782C257155C300918432 /* Resources */,
			);
			buildRules = (
			);
			dependencies = (
				B4377830257155C300918432 /* PBXTargetDependency */,
			);
			name = GetMapTests;
			productName = GetMapTests;
			productReference = B437782E257155C300918432 /* GetMapTests.xctest */;
			productType = "com.apple.product-type.bundle.unit-test";
		};
		B4377838257155C300918432 /* GetMapUITests */ = {
			isa = PBXNativeTarget;
			buildConfigurationList = B4377848257155C300918432 /* Build configuration list for PBXNativeTarget "GetMapUITests" */;
			buildPhases = (
				B4377835257155C300918432 /* Sources */,
				B4377836257155C300918432 /* Frameworks */,
				B4377837257155C300918432 /* Resources */,
			);
			buildRules = (
			);
			dependencies = (
				B437783B257155C300918432 /* PBXTargetDependency */,
			);
			name = GetMapUITests;
			productName = GetMapUITests;
			productReference = B4377839257155C300918432 /* GetMapUITests.xctest */;
			productType = "com.apple.product-type.bundle.ui-testing";
		};
/* End PBXNativeTarget section */

/* Begin PBXProject section */
		B4377810257155C100918432 /* Project object */ = {
			isa = PBXProject;
			attributes = {
				LastSwiftUpdateCheck = 1220;
				LastUpgradeCheck = 1220;
				TargetAttributes = {
					B4377817257155C100918432 = {
						CreatedOnToolsVersion = 12.2;
					};
					B437782D257155C300918432 = {
						CreatedOnToolsVersion = 12.2;
						TestTargetID = B4377817257155C100918432;
					};
					B4377838257155C300918432 = {
						CreatedOnToolsVersion = 12.2;
						TestTargetID = B4377817257155C100918432;
					};
				};
			};
			buildConfigurationList = B4377813257155C100918432 /* Build configuration list for PBXProject "GetMap" */;
			compatibilityVersion = "Xcode 9.3";
			developmentRegion = en;
			hasScannedForEncodings = 0;
			knownRegions = (
				en,
				Base,
			);
			mainGroup = B437780F257155C100918432;
			productRefGroup = B4377819257155C100918432 /* Products */;
			projectDirPath = "";
			projectRoot = "";
			targets = (
				B4377817257155C100918432 /* GetMap */,
				B437782D257155C300918432 /* GetMapTests */,
				B4377838257155C300918432 /* GetMapUITests */,
			);
		};
/* End PBXProject section */

/* Begin PBXResourcesBuildPhase section */
		B4377816257155C100918432 /* Resources */ = {
			isa = PBXResourcesBuildPhase;
			buildActionMask = 2147483647;
			files = (
				B4377823257155C300918432 /* Preview Assets.xcassets in Resources */,
				B4377820257155C300918432 /* Assets.xcassets in Resources */,
			);
			runOnlyForDeploymentPostprocessing = 0;
		};
		B437782C257155C300918432 /* Resources */ = {
			isa = PBXResourcesBuildPhase;
			buildActionMask = 2147483647;
			files = (
			);
			runOnlyForDeploymentPostprocessing = 0;
		};
		B4377837257155C300918432 /* Resources */ = {
			isa = PBXResourcesBuildPhase;
			buildActionMask = 2147483647;
			files = (
			);
			runOnlyForDeploymentPostprocessing = 0;
		};
/* End PBXResourcesBuildPhase section */

/* Begin PBXSourcesBuildPhase section */
		B4377814257155C100918432 /* Sources */ = {
			isa = PBXSourcesBuildPhase;
			buildActionMask = 2147483647;
			files = (
				B43778BD2571594400918432 /* RepresentFunc.swift in Sources */,
				B43778AE2571590C00918432 /* ClusterFunc.swift in Sources */,
				B488966125A7976000D8AD47 /* Offset.swift in Sources */,
				B48F7B80258EACB700EED1C1 /* MapComponent.swift in Sources */,
				B43778F12572C71B00918432 /* ProcessPage.swift in Sources */,
				B43778B82571593000918432 /* PartFunc.swift in Sources */,
				B4DA259D259CF8B7002A0009 /* ButtonStyle.swift in Sources */,
				B437799B257693EF00918432 /* ConnectFunc.swift in Sources */,
				B43778B32571591B00918432 /* DistFunc.swift in Sources */,
				B488964F25A7969400D8AD47 /* Bus.swift in Sources */,
				B43779A02577114100918432 /* RouteGenerFunc.swift in Sources */,
				B48F7B76258E87FC00EED1C1 /* LocationGetterModel.swift in Sources */,
				B437784F257155F700918432 /* Constant.swift in Sources */,
				B488963D25A795BB00D8AD47 /* Location.swift in Sources */,
				B48F7BAA259213FE00EED1C1 /* SearchPage.swift in Sources */,
				B4DA25A6259D0170002A0009 /* CheckBox.swift in Sources */,
				B488966B25A7983800D8AD47 /* MongoRes.swift in Sources */,
				B488965C25A7973300D8AD47 /* LineSeg.swift in Sources */,
				B488964525A7960200D8AD47 /* Trajectory.swift in Sources */,
				B43779132572D9AC00918432 /* MainPage.swift in Sources */,
				B437781E257155C100918432 /* ContentView.swift in Sources */,
				B488965425A796D700D8AD47 /* Coor3D.swift in Sources */,
				B4DA2597259CEC01002A0009 /* BusPage.swift in Sources */,
				B437781C257155C100918432 /* GetMapApp.swift in Sources */,
				B43778822571581B00918432 /* UserPoint.swift in Sources */,
				B488964A25A7962400D8AD47 /* Route.swift in Sources */,
				B43778F92572C80200918432 /* LocationPage.swift in Sources */,
				B488966625A797E700D8AD47 /* BasicExten.swift in Sources */,
				B48F7B7B258E8C9000EED1C1 /* TrajPage.swift in Sources */,
			);
			runOnlyForDeploymentPostprocessing = 0;
		};
		B437782A257155C300918432 /* Sources */ = {
			isa = PBXSourcesBuildPhase;
			buildActionMask = 2147483647;
			files = (
			);
			runOnlyForDeploymentPostprocessing = 0;
		};
		B4377835257155C300918432 /* Sources */ = {
			isa = PBXSourcesBuildPhase;
			buildActionMask = 2147483647;
			files = (
			);
			runOnlyForDeploymentPostprocessing = 0;
		};
/* End PBXSourcesBuildPhase section */

/* Begin PBXTargetDependency section */
		B4377830257155C300918432 /* PBXTargetDependency */ = {
			isa = PBXTargetDependency;
			target = B4377817257155C100918432 /* GetMap */;
			targetProxy = B437782F257155C300918432 /* PBXContainerItemProxy */;
		};
		B437783B257155C300918432 /* PBXTargetDependency */ = {
			isa = PBXTargetDependency;
			target = B4377817257155C100918432 /* GetMap */;
			targetProxy = B437783A257155C300918432 /* PBXContainerItemProxy */;
		};
/* End PBXTargetDependency section */

/* Begin XCBuildConfiguration section */
		B4377840257155C300918432 /* Debug */ = {
			isa = XCBuildConfiguration;
			buildSettings = {
				ALWAYS_SEARCH_USER_PATHS = NO;
				CLANG_ANALYZER_NONNULL = YES;
				CLANG_ANALYZER_NUMBER_OBJECT_CONVERSION = YES_AGGRESSIVE;
				CLANG_CXX_LANGUAGE_STANDARD = "gnu++14";
				CLANG_CXX_LIBRARY = "libc++";
				CLANG_ENABLE_MODULES = YES;
				CLANG_ENABLE_OBJC_ARC = YES;
				CLANG_ENABLE_OBJC_WEAK = YES;
				CLANG_WARN_BLOCK_CAPTURE_AUTORELEASING = YES;
				CLANG_WARN_BOOL_CONVERSION = YES;
				CLANG_WARN_COMMA = YES;
				CLANG_WARN_CONSTANT_CONVERSION = YES;
				CLANG_WARN_DEPRECATED_OBJC_IMPLEMENTATIONS = YES;
				CLANG_WARN_DIRECT_OBJC_ISA_USAGE = YES_ERROR;
				CLANG_WARN_DOCUMENTATION_COMMENTS = YES;
				CLANG_WARN_EMPTY_BODY = YES;
				CLANG_WARN_ENUM_CONVERSION = YES;
				CLANG_WARN_INFINITE_RECURSION = YES;
				CLANG_WARN_INT_CONVERSION = YES;
				CLANG_WARN_NON_LITERAL_NULL_CONVERSION = YES;
				CLANG_WARN_OBJC_IMPLICIT_RETAIN_SELF = YES;
				CLANG_WARN_OBJC_LITERAL_CONVERSION = YES;
				CLANG_WARN_OBJC_ROOT_CLASS = YES_ERROR;
				CLANG_WARN_QUOTED_INCLUDE_IN_FRAMEWORK_HEADER = YES;
				CLANG_WARN_RANGE_LOOP_ANALYSIS = YES;
				CLANG_WARN_STRICT_PROTOTYPES = YES;
				CLANG_WARN_SUSPICIOUS_MOVE = YES;
				CLANG_WARN_UNGUARDED_AVAILABILITY = YES_AGGRESSIVE;
				CLANG_WARN_UNREACHABLE_CODE = YES;
				CLANG_WARN__DUPLICATE_METHOD_MATCH = YES;
				COPY_PHASE_STRIP = NO;
				DEBUG_INFORMATION_FORMAT = dwarf;
				ENABLE_STRICT_OBJC_MSGSEND = YES;
				ENABLE_TESTABILITY = YES;
				GCC_C_LANGUAGE_STANDARD = gnu11;
				GCC_DYNAMIC_NO_PIC = NO;
				GCC_NO_COMMON_BLOCKS = YES;
				GCC_OPTIMIZATION_LEVEL = 0;
				GCC_PREPROCESSOR_DEFINITIONS = (
					"DEBUG=1",
					"$(inherited)",
				);
				GCC_WARN_64_TO_32_BIT_CONVERSION = YES;
				GCC_WARN_ABOUT_RETURN_TYPE = YES_ERROR;
				GCC_WARN_UNDECLARED_SELECTOR = YES;
				GCC_WARN_UNINITIALIZED_AUTOS = YES_AGGRESSIVE;
				GCC_WARN_UNUSED_FUNCTION = YES;
				GCC_WARN_UNUSED_VARIABLE = YES;
				IPHONEOS_DEPLOYMENT_TARGET = 14.2;
				MTL_ENABLE_DEBUG_INFO = INCLUDE_SOURCE;
				MTL_FAST_MATH = YES;
				ONLY_ACTIVE_ARCH = YES;
				SDKROOT = iphoneos;
				SWIFT_ACTIVE_COMPILATION_CONDITIONS = DEBUG;
				SWIFT_OPTIMIZATION_LEVEL = "-Onone";
			};
			name = Debug;
		};
		B4377841257155C300918432 /* Release */ = {
			isa = XCBuildConfiguration;
			buildSettings = {
				ALWAYS_SEARCH_USER_PATHS = NO;
				CLANG_ANALYZER_NONNULL = YES;
				CLANG_ANALYZER_NUMBER_OBJECT_CONVERSION = YES_AGGRESSIVE;
				CLANG_CXX_LANGUAGE_STANDARD = "gnu++14";
				CLANG_CXX_LIBRARY = "libc++";
				CLANG_ENABLE_MODULES = YES;
				CLANG_ENABLE_OBJC_ARC = YES;
				CLANG_ENABLE_OBJC_WEAK = YES;
				CLANG_WARN_BLOCK_CAPTURE_AUTORELEASING = YES;
				CLANG_WARN_BOOL_CONVERSION = YES;
				CLANG_WARN_COMMA = YES;
				CLANG_WARN_CONSTANT_CONVERSION = YES;
				CLANG_WARN_DEPRECATED_OBJC_IMPLEMENTATIONS = YES;
				CLANG_WARN_DIRECT_OBJC_ISA_USAGE = YES_ERROR;
				CLANG_WARN_DOCUMENTATION_COMMENTS = YES;
				CLANG_WARN_EMPTY_BODY = YES;
				CLANG_WARN_ENUM_CONVERSION = YES;
				CLANG_WARN_INFINITE_RECURSION = YES;
				CLANG_WARN_INT_CONVERSION = YES;
				CLANG_WARN_NON_LITERAL_NULL_CONVERSION = YES;
				CLANG_WARN_OBJC_IMPLICIT_RETAIN_SELF = YES;
				CLANG_WARN_OBJC_LITERAL_CONVERSION = YES;
				CLANG_WARN_OBJC_ROOT_CLASS = YES_ERROR;
				CLANG_WARN_QUOTED_INCLUDE_IN_FRAMEWORK_HEADER = YES;
				CLANG_WARN_RANGE_LOOP_ANALYSIS = YES;
				CLANG_WARN_STRICT_PROTOTYPES = YES;
				CLANG_WARN_SUSPICIOUS_MOVE = YES;
				CLANG_WARN_UNGUARDED_AVAILABILITY = YES_AGGRESSIVE;
				CLANG_WARN_UNREACHABLE_CODE = YES;
				CLANG_WARN__DUPLICATE_METHOD_MATCH = YES;
				COPY_PHASE_STRIP = NO;
				DEBUG_INFORMATION_FORMAT = "dwarf-with-dsym";
				ENABLE_NS_ASSERTIONS = NO;
				ENABLE_STRICT_OBJC_MSGSEND = YES;
				GCC_C_LANGUAGE_STANDARD = gnu11;
				GCC_NO_COMMON_BLOCKS = YES;
				GCC_WARN_64_TO_32_BIT_CONVERSION = YES;
				GCC_WARN_ABOUT_RETURN_TYPE = YES_ERROR;
				GCC_WARN_UNDECLARED_SELECTOR = YES;
				GCC_WARN_UNINITIALIZED_AUTOS = YES_AGGRESSIVE;
				GCC_WARN_UNUSED_FUNCTION = YES;
				GCC_WARN_UNUSED_VARIABLE = YES;
				IPHONEOS_DEPLOYMENT_TARGET = 14.2;
				MTL_ENABLE_DEBUG_INFO = NO;
				MTL_FAST_MATH = YES;
				SDKROOT = iphoneos;
				SWIFT_COMPILATION_MODE = wholemodule;
				SWIFT_OPTIMIZATION_LEVEL = "-O";
				VALIDATE_PRODUCT = YES;
			};
			name = Release;
		};
		B4377843257155C300918432 /* Debug */ = {
			isa = XCBuildConfiguration;
			buildSettings = {
				ASSETCATALOG_COMPILER_APPICON_NAME = AppIcon;
				ASSETCATALOG_COMPILER_GLOBAL_ACCENT_COLOR_NAME = AccentColor;
				CODE_SIGN_STYLE = Automatic;
				DEVELOPMENT_ASSET_PATHS = "\"GetMap/Preview Content\"";
				DEVELOPMENT_TEAM = N5A7GY9PDW;
				ENABLE_PREVIEWS = YES;
				INFOPLIST_FILE = GetMap/Info.plist;
				IPHONEOS_DEPLOYMENT_TARGET = 14.0;
				LD_RUNPATH_SEARCH_PATHS = (
					"$(inherited)",
					"@executable_path/Frameworks",
				);
				PRODUCT_BUNDLE_IDENTIFIER = FYP.GetMap;
				PRODUCT_NAME = "$(TARGET_NAME)";
				SWIFT_VERSION = 5.0;
				TARGETED_DEVICE_FAMILY = "1,2";
			};
			name = Debug;
		};
		B4377844257155C300918432 /* Release */ = {
			isa = XCBuildConfiguration;
			buildSettings = {
				ASSETCATALOG_COMPILER_APPICON_NAME = AppIcon;
				ASSETCATALOG_COMPILER_GLOBAL_ACCENT_COLOR_NAME = AccentColor;
				CODE_SIGN_STYLE = Automatic;
				DEVELOPMENT_ASSET_PATHS = "\"GetMap/Preview Content\"";
				DEVELOPMENT_TEAM = N5A7GY9PDW;
				ENABLE_PREVIEWS = YES;
				INFOPLIST_FILE = GetMap/Info.plist;
				IPHONEOS_DEPLOYMENT_TARGET = 14.0;
				LD_RUNPATH_SEARCH_PATHS = (
					"$(inherited)",
					"@executable_path/Frameworks",
				);
				PRODUCT_BUNDLE_IDENTIFIER = FYP.GetMap;
				PRODUCT_NAME = "$(TARGET_NAME)";
				SWIFT_VERSION = 5.0;
				TARGETED_DEVICE_FAMILY = "1,2";
			};
			name = Release;
		};
		B4377846257155C300918432 /* Debug */ = {
			isa = XCBuildConfiguration;
			buildSettings = {
				ALWAYS_EMBED_SWIFT_STANDARD_LIBRARIES = YES;
				BUNDLE_LOADER = "$(TEST_HOST)";
				CODE_SIGN_STYLE = Automatic;
				DEVELOPMENT_TEAM = N5A7GY9PDW;
				INFOPLIST_FILE = GetMapTests/Info.plist;
				IPHONEOS_DEPLOYMENT_TARGET = 14.0;
				LD_RUNPATH_SEARCH_PATHS = (
					"$(inherited)",
					"@executable_path/Frameworks",
					"@loader_path/Frameworks",
				);
				PRODUCT_BUNDLE_IDENTIFIER = FYP.GetMapTests;
				PRODUCT_NAME = "$(TARGET_NAME)";
				SWIFT_VERSION = 5.0;
				TARGETED_DEVICE_FAMILY = "1,2";
				TEST_HOST = "$(BUILT_PRODUCTS_DIR)/GetMap.app/GetMap";
			};
			name = Debug;
		};
		B4377847257155C300918432 /* Release */ = {
			isa = XCBuildConfiguration;
			buildSettings = {
				ALWAYS_EMBED_SWIFT_STANDARD_LIBRARIES = YES;
				BUNDLE_LOADER = "$(TEST_HOST)";
				CODE_SIGN_STYLE = Automatic;
				DEVELOPMENT_TEAM = N5A7GY9PDW;
				INFOPLIST_FILE = GetMapTests/Info.plist;
				IPHONEOS_DEPLOYMENT_TARGET = 14.0;
				LD_RUNPATH_SEARCH_PATHS = (
					"$(inherited)",
					"@executable_path/Frameworks",
					"@loader_path/Frameworks",
				);
				PRODUCT_BUNDLE_IDENTIFIER = FYP.GetMapTests;
				PRODUCT_NAME = "$(TARGET_NAME)";
				SWIFT_VERSION = 5.0;
				TARGETED_DEVICE_FAMILY = "1,2";
				TEST_HOST = "$(BUILT_PRODUCTS_DIR)/GetMap.app/GetMap";
			};
			name = Release;
		};
		B4377849257155C300918432 /* Debug */ = {
			isa = XCBuildConfiguration;
			buildSettings = {
				ALWAYS_EMBED_SWIFT_STANDARD_LIBRARIES = YES;
				CODE_SIGN_STYLE = Automatic;
				DEVELOPMENT_TEAM = N5A7GY9PDW;
				INFOPLIST_FILE = GetMapUITests/Info.plist;
				LD_RUNPATH_SEARCH_PATHS = (
					"$(inherited)",
					"@executable_path/Frameworks",
					"@loader_path/Frameworks",
				);
				PRODUCT_BUNDLE_IDENTIFIER = FYP.GetMapUITests;
				PRODUCT_NAME = "$(TARGET_NAME)";
				SWIFT_VERSION = 5.0;
				TARGETED_DEVICE_FAMILY = "1,2";
				TEST_TARGET_NAME = GetMap;
			};
			name = Debug;
		};
		B437784A257155C300918432 /* Release */ = {
			isa = XCBuildConfiguration;
			buildSettings = {
				ALWAYS_EMBED_SWIFT_STANDARD_LIBRARIES = YES;
				CODE_SIGN_STYLE = Automatic;
				DEVELOPMENT_TEAM = N5A7GY9PDW;
				INFOPLIST_FILE = GetMapUITests/Info.plist;
				LD_RUNPATH_SEARCH_PATHS = (
					"$(inherited)",
					"@executable_path/Frameworks",
					"@loader_path/Frameworks",
				);
				PRODUCT_BUNDLE_IDENTIFIER = FYP.GetMapUITests;
				PRODUCT_NAME = "$(TARGET_NAME)";
				SWIFT_VERSION = 5.0;
				TARGETED_DEVICE_FAMILY = "1,2";
				TEST_TARGET_NAME = GetMap;
			};
			name = Release;
		};
/* End XCBuildConfiguration section */

/* Begin XCConfigurationList section */
		B4377813257155C100918432 /* Build configuration list for PBXProject "GetMap" */ = {
			isa = XCConfigurationList;
			buildConfigurations = (
				B4377840257155C300918432 /* Debug */,
				B4377841257155C300918432 /* Release */,
			);
			defaultConfigurationIsVisible = 0;
			defaultConfigurationName = Release;
		};
		B4377842257155C300918432 /* Build configuration list for PBXNativeTarget "GetMap" */ = {
			isa = XCConfigurationList;
			buildConfigurations = (
				B4377843257155C300918432 /* Debug */,
				B4377844257155C300918432 /* Release */,
			);
			defaultConfigurationIsVisible = 0;
			defaultConfigurationName = Release;
		};
		B4377845257155C300918432 /* Build configuration list for PBXNativeTarget "GetMapTests" */ = {
			isa = XCConfigurationList;
			buildConfigurations = (
				B4377846257155C300918432 /* Debug */,
				B4377847257155C300918432 /* Release */,
			);
			defaultConfigurationIsVisible = 0;
			defaultConfigurationName = Release;
		};
		B4377848257155C300918432 /* Build configuration list for PBXNativeTarget "GetMapUITests" */ = {
			isa = XCConfigurationList;
			buildConfigurations = (
				B4377849257155C300918432 /* Debug */,
				B437784A257155C300918432 /* Release */,
			);
			defaultConfigurationIsVisible = 0;
			defaultConfigurationName = Release;
		};
/* End XCConfigurationList section */
	};
	rootObject = B4377810257155C100918432 /* Project object */;
}
