// !$*UTF8*$!
{
	archiveVersion = 1;
	classes = {
	};
	objectVersion = 50;
	objects = {

/* Begin PBXBuildFile section */
		B4E500C92549DF08001A7582 /* GetMapApp.swift in Sources */ = {isa = PBXBuildFile; fileRef = B4E500C82549DF08001A7582 /* GetMapApp.swift */; };
		B4E500CB2549DF08001A7582 /* ContentView.swift in Sources */ = {isa = PBXBuildFile; fileRef = B4E500CA2549DF08001A7582 /* ContentView.swift */; };
		B4E500CD2549DF0B001A7582 /* Assets.xcassets in Resources */ = {isa = PBXBuildFile; fileRef = B4E500CC2549DF0B001A7582 /* Assets.xcassets */; };
		B4E500D02549DF0B001A7582 /* Preview Assets.xcassets in Resources */ = {isa = PBXBuildFile; fileRef = B4E500CF2549DF0B001A7582 /* Preview Assets.xcassets */; };
		B4E500D22549DF0B001A7582 /* Persistence.swift in Sources */ = {isa = PBXBuildFile; fileRef = B4E500D12549DF0B001A7582 /* Persistence.swift */; };
		B4E500D52549DF0B001A7582 /* GetMap.xcdatamodeld in Sources */ = {isa = PBXBuildFile; fileRef = B4E500D32549DF0B001A7582 /* GetMap.xcdatamodeld */; };
		B4E500E02549DF0B001A7582 /* GetMapTests.swift in Sources */ = {isa = PBXBuildFile; fileRef = B4E500DF2549DF0B001A7582 /* GetMapTests.swift */; };
		B4E500EB2549DF0B001A7582 /* GetMapUITests.swift in Sources */ = {isa = PBXBuildFile; fileRef = B4E500EA2549DF0B001A7582 /* GetMapUITests.swift */; };
		B4E501012549E024001A7582 /* LocationPointViewModel.swift in Sources */ = {isa = PBXBuildFile; fileRef = B4E501002549E024001A7582 /* LocationPointViewModel.swift */; };
		B4E501062549E03B001A7582 /* LocationGetterModel.swift in Sources */ = {isa = PBXBuildFile; fileRef = B4E501052549E03B001A7582 /* LocationGetterModel.swift */; };
		B4E501292549F16E001A7582 /* Building+CoreDataClass.swift in Sources */ = {isa = PBXBuildFile; fileRef = B4E501272549F16E001A7582 /* Building+CoreDataClass.swift */; };
		B4E5012A2549F16E001A7582 /* Building+CoreDataProperties.swift in Sources */ = {isa = PBXBuildFile; fileRef = B4E501282549F16E001A7582 /* Building+CoreDataProperties.swift */; };
		B4E50140254AA4E1001A7582 /* PathUnit+CoreDataClass.swift in Sources */ = {isa = PBXBuildFile; fileRef = B4E5013E254AA4E1001A7582 /* PathUnit+CoreDataClass.swift */; };
		B4E50141254AA4E1001A7582 /* PathUnit+CoreDataProperties.swift in Sources */ = {isa = PBXBuildFile; fileRef = B4E5013F254AA4E1001A7582 /* PathUnit+CoreDataProperties.swift */; };
		B4E50146254AAD4B001A7582 /* PathViewModel.swift in Sources */ = {isa = PBXBuildFile; fileRef = B4E50145254AAD4B001A7582 /* PathViewModel.swift */; };
		B4E50151254AE6DD001A7582 /* FunctionSheet.swift in Sources */ = {isa = PBXBuildFile; fileRef = B4E50150254AE6DD001A7582 /* FunctionSheet.swift */; };
		B4E5015C254CC287001A7582 /* Functions.swift in Sources */ = {isa = PBXBuildFile; fileRef = B4E5015B254CC287001A7582 /* Functions.swift */; };
/* End PBXBuildFile section */

/* Begin PBXContainerItemProxy section */
		B4E500DC2549DF0B001A7582 /* PBXContainerItemProxy */ = {
			isa = PBXContainerItemProxy;
			containerPortal = B4E500BD2549DF08001A7582 /* Project object */;
			proxyType = 1;
			remoteGlobalIDString = B4E500C42549DF08001A7582;
			remoteInfo = GetMap;
		};
		B4E500E72549DF0B001A7582 /* PBXContainerItemProxy */ = {
			isa = PBXContainerItemProxy;
			containerPortal = B4E500BD2549DF08001A7582 /* Project object */;
			proxyType = 1;
			remoteGlobalIDString = B4E500C42549DF08001A7582;
			remoteInfo = GetMap;
		};
/* End PBXContainerItemProxy section */

/* Begin PBXFileReference section */
		B4E500C52549DF08001A7582 /* GetMap.app */ = {isa = PBXFileReference; explicitFileType = wrapper.application; includeInIndex = 0; path = GetMap.app; sourceTree = BUILT_PRODUCTS_DIR; };
		B4E500C82549DF08001A7582 /* GetMapApp.swift */ = {isa = PBXFileReference; lastKnownFileType = sourcecode.swift; path = GetMapApp.swift; sourceTree = "<group>"; };
		B4E500CA2549DF08001A7582 /* ContentView.swift */ = {isa = PBXFileReference; lastKnownFileType = sourcecode.swift; path = ContentView.swift; sourceTree = "<group>"; };
		B4E500CC2549DF0B001A7582 /* Assets.xcassets */ = {isa = PBXFileReference; lastKnownFileType = folder.assetcatalog; path = Assets.xcassets; sourceTree = "<group>"; };
		B4E500CF2549DF0B001A7582 /* Preview Assets.xcassets */ = {isa = PBXFileReference; lastKnownFileType = folder.assetcatalog; path = "Preview Assets.xcassets"; sourceTree = "<group>"; };
		B4E500D12549DF0B001A7582 /* Persistence.swift */ = {isa = PBXFileReference; lastKnownFileType = sourcecode.swift; path = Persistence.swift; sourceTree = "<group>"; };
		B4E500D42549DF0B001A7582 /* GetMap.xcdatamodel */ = {isa = PBXFileReference; lastKnownFileType = wrapper.xcdatamodel; path = GetMap.xcdatamodel; sourceTree = "<group>"; };
		B4E500D62549DF0B001A7582 /* Info.plist */ = {isa = PBXFileReference; lastKnownFileType = text.plist.xml; path = Info.plist; sourceTree = "<group>"; };
		B4E500DB2549DF0B001A7582 /* GetMapTests.xctest */ = {isa = PBXFileReference; explicitFileType = wrapper.cfbundle; includeInIndex = 0; path = GetMapTests.xctest; sourceTree = BUILT_PRODUCTS_DIR; };
		B4E500DF2549DF0B001A7582 /* GetMapTests.swift */ = {isa = PBXFileReference; lastKnownFileType = sourcecode.swift; path = GetMapTests.swift; sourceTree = "<group>"; };
		B4E500E12549DF0B001A7582 /* Info.plist */ = {isa = PBXFileReference; lastKnownFileType = text.plist.xml; path = Info.plist; sourceTree = "<group>"; };
		B4E500E62549DF0B001A7582 /* GetMapUITests.xctest */ = {isa = PBXFileReference; explicitFileType = wrapper.cfbundle; includeInIndex = 0; path = GetMapUITests.xctest; sourceTree = BUILT_PRODUCTS_DIR; };
		B4E500EA2549DF0B001A7582 /* GetMapUITests.swift */ = {isa = PBXFileReference; lastKnownFileType = sourcecode.swift; path = GetMapUITests.swift; sourceTree = "<group>"; };
		B4E500EC2549DF0B001A7582 /* Info.plist */ = {isa = PBXFileReference; lastKnownFileType = text.plist.xml; path = Info.plist; sourceTree = "<group>"; };
		B4E501002549E024001A7582 /* LocationPointViewModel.swift */ = {isa = PBXFileReference; lastKnownFileType = sourcecode.swift; path = LocationPointViewModel.swift; sourceTree = "<group>"; };
		B4E501052549E03B001A7582 /* LocationGetterModel.swift */ = {isa = PBXFileReference; lastKnownFileType = sourcecode.swift; path = LocationGetterModel.swift; sourceTree = "<group>"; };
		B4E5010D2549E5AB001A7582 /* GetMap.entitlements */ = {isa = PBXFileReference; lastKnownFileType = text.plist.entitlements; path = GetMap.entitlements; sourceTree = "<group>"; };
		B4E501272549F16E001A7582 /* Building+CoreDataClass.swift */ = {isa = PBXFileReference; lastKnownFileType = sourcecode.swift; path = "Building+CoreDataClass.swift"; sourceTree = "<group>"; };
		B4E501282549F16E001A7582 /* Building+CoreDataProperties.swift */ = {isa = PBXFileReference; lastKnownFileType = sourcecode.swift; path = "Building+CoreDataProperties.swift"; sourceTree = "<group>"; };
		B4E5013E254AA4E1001A7582 /* PathUnit+CoreDataClass.swift */ = {isa = PBXFileReference; lastKnownFileType = sourcecode.swift; path = "PathUnit+CoreDataClass.swift"; sourceTree = "<group>"; };
		B4E5013F254AA4E1001A7582 /* PathUnit+CoreDataProperties.swift */ = {isa = PBXFileReference; lastKnownFileType = sourcecode.swift; path = "PathUnit+CoreDataProperties.swift"; sourceTree = "<group>"; };
		B4E50145254AAD4B001A7582 /* PathViewModel.swift */ = {isa = PBXFileReference; lastKnownFileType = sourcecode.swift; path = PathViewModel.swift; sourceTree = "<group>"; };
		B4E50150254AE6DD001A7582 /* FunctionSheet.swift */ = {isa = PBXFileReference; lastKnownFileType = sourcecode.swift; path = FunctionSheet.swift; sourceTree = "<group>"; };
		B4E5015B254CC287001A7582 /* Functions.swift */ = {isa = PBXFileReference; lastKnownFileType = sourcecode.swift; path = Functions.swift; sourceTree = "<group>"; };
/* End PBXFileReference section */

/* Begin PBXFrameworksBuildPhase section */
		B4E500C22549DF08001A7582 /* Frameworks */ = {
			isa = PBXFrameworksBuildPhase;
			buildActionMask = 2147483647;
			files = (
			);
			runOnlyForDeploymentPostprocessing = 0;
		};
		B4E500D82549DF0B001A7582 /* Frameworks */ = {
			isa = PBXFrameworksBuildPhase;
			buildActionMask = 2147483647;
			files = (
			);
			runOnlyForDeploymentPostprocessing = 0;
		};
		B4E500E32549DF0B001A7582 /* Frameworks */ = {
			isa = PBXFrameworksBuildPhase;
			buildActionMask = 2147483647;
			files = (
			);
			runOnlyForDeploymentPostprocessing = 0;
		};
/* End PBXFrameworksBuildPhase section */

/* Begin PBXGroup section */
		B4E500BC2549DF08001A7582 = {
			isa = PBXGroup;
			children = (
				B4E5013E254AA4E1001A7582 /* PathUnit+CoreDataClass.swift */,
				B4E5013F254AA4E1001A7582 /* PathUnit+CoreDataProperties.swift */,
				B4E501272549F16E001A7582 /* Building+CoreDataClass.swift */,
				B4E501282549F16E001A7582 /* Building+CoreDataProperties.swift */,
				B4E500C72549DF08001A7582 /* GetMap */,
				B4E500DE2549DF0B001A7582 /* GetMapTests */,
				B4E500E92549DF0B001A7582 /* GetMapUITests */,
				B4E500C62549DF08001A7582 /* Products */,
			);
			sourceTree = "<group>";
		};
		B4E500C62549DF08001A7582 /* Products */ = {
			isa = PBXGroup;
			children = (
				B4E500C52549DF08001A7582 /* GetMap.app */,
				B4E500DB2549DF0B001A7582 /* GetMapTests.xctest */,
				B4E500E62549DF0B001A7582 /* GetMapUITests.xctest */,
			);
			name = Products;
			sourceTree = "<group>";
		};
		B4E500C72549DF08001A7582 /* GetMap */ = {
			isa = PBXGroup;
			children = (
				B4E5010D2549E5AB001A7582 /* GetMap.entitlements */,
				B4E500C82549DF08001A7582 /* GetMapApp.swift */,
				B4E501002549E024001A7582 /* LocationPointViewModel.swift */,
				B4E501052549E03B001A7582 /* LocationGetterModel.swift */,
				B4E500CA2549DF08001A7582 /* ContentView.swift */,
				B4E5015B254CC287001A7582 /* Functions.swift */,
				B4E50150254AE6DD001A7582 /* FunctionSheet.swift */,
				B4E50145254AAD4B001A7582 /* PathViewModel.swift */,
				B4E500CC2549DF0B001A7582 /* Assets.xcassets */,
				B4E500D12549DF0B001A7582 /* Persistence.swift */,
				B4E500D62549DF0B001A7582 /* Info.plist */,
				B4E500D32549DF0B001A7582 /* GetMap.xcdatamodeld */,
				B4E500CE2549DF0B001A7582 /* Preview Content */,
			);
			path = GetMap;
			sourceTree = "<group>";
		};
		B4E500CE2549DF0B001A7582 /* Preview Content */ = {
			isa = PBXGroup;
			children = (
				B4E500CF2549DF0B001A7582 /* Preview Assets.xcassets */,
			);
			path = "Preview Content";
			sourceTree = "<group>";
		};
		B4E500DE2549DF0B001A7582 /* GetMapTests */ = {
			isa = PBXGroup;
			children = (
				B4E500DF2549DF0B001A7582 /* GetMapTests.swift */,
				B4E500E12549DF0B001A7582 /* Info.plist */,
			);
			path = GetMapTests;
			sourceTree = "<group>";
		};
		B4E500E92549DF0B001A7582 /* GetMapUITests */ = {
			isa = PBXGroup;
			children = (
				B4E500EA2549DF0B001A7582 /* GetMapUITests.swift */,
				B4E500EC2549DF0B001A7582 /* Info.plist */,
			);
			path = GetMapUITests;
			sourceTree = "<group>";
		};
/* End PBXGroup section */

/* Begin PBXNativeTarget section */
		B4E500C42549DF08001A7582 /* GetMap */ = {
			isa = PBXNativeTarget;
			buildConfigurationList = B4E500EF2549DF0B001A7582 /* Build configuration list for PBXNativeTarget "GetMap" */;
			buildPhases = (
				B4E500C12549DF08001A7582 /* Sources */,
				B4E500C22549DF08001A7582 /* Frameworks */,
				B4E500C32549DF08001A7582 /* Resources */,
			);
			buildRules = (
			);
			dependencies = (
			);
			name = GetMap;
			productName = GetMap;
			productReference = B4E500C52549DF08001A7582 /* GetMap.app */;
			productType = "com.apple.product-type.application";
		};
		B4E500DA2549DF0B001A7582 /* GetMapTests */ = {
			isa = PBXNativeTarget;
			buildConfigurationList = B4E500F22549DF0B001A7582 /* Build configuration list for PBXNativeTarget "GetMapTests" */;
			buildPhases = (
				B4E500D72549DF0B001A7582 /* Sources */,
				B4E500D82549DF0B001A7582 /* Frameworks */,
				B4E500D92549DF0B001A7582 /* Resources */,
			);
			buildRules = (
			);
			dependencies = (
				B4E500DD2549DF0B001A7582 /* PBXTargetDependency */,
			);
			name = GetMapTests;
			productName = GetMapTests;
			productReference = B4E500DB2549DF0B001A7582 /* GetMapTests.xctest */;
			productType = "com.apple.product-type.bundle.unit-test";
		};
		B4E500E52549DF0B001A7582 /* GetMapUITests */ = {
			isa = PBXNativeTarget;
			buildConfigurationList = B4E500F52549DF0B001A7582 /* Build configuration list for PBXNativeTarget "GetMapUITests" */;
			buildPhases = (
				B4E500E22549DF0B001A7582 /* Sources */,
				B4E500E32549DF0B001A7582 /* Frameworks */,
				B4E500E42549DF0B001A7582 /* Resources */,
			);
			buildRules = (
			);
			dependencies = (
				B4E500E82549DF0B001A7582 /* PBXTargetDependency */,
			);
			name = GetMapUITests;
			productName = GetMapUITests;
			productReference = B4E500E62549DF0B001A7582 /* GetMapUITests.xctest */;
			productType = "com.apple.product-type.bundle.ui-testing";
		};
/* End PBXNativeTarget section */

/* Begin PBXProject section */
		B4E500BD2549DF08001A7582 /* Project object */ = {
			isa = PBXProject;
			attributes = {
				LastSwiftUpdateCheck = 1200;
				LastUpgradeCheck = 1200;
				TargetAttributes = {
					B4E500C42549DF08001A7582 = {
						CreatedOnToolsVersion = 12.0.1;
					};
					B4E500DA2549DF0B001A7582 = {
						CreatedOnToolsVersion = 12.0.1;
						TestTargetID = B4E500C42549DF08001A7582;
					};
					B4E500E52549DF0B001A7582 = {
						CreatedOnToolsVersion = 12.0.1;
						TestTargetID = B4E500C42549DF08001A7582;
					};
				};
			};
			buildConfigurationList = B4E500C02549DF08001A7582 /* Build configuration list for PBXProject "GetMap" */;
			compatibilityVersion = "Xcode 9.3";
			developmentRegion = en;
			hasScannedForEncodings = 0;
			knownRegions = (
				en,
				Base,
			);
			mainGroup = B4E500BC2549DF08001A7582;
			productRefGroup = B4E500C62549DF08001A7582 /* Products */;
			projectDirPath = "";
			projectRoot = "";
			targets = (
				B4E500C42549DF08001A7582 /* GetMap */,
				B4E500DA2549DF0B001A7582 /* GetMapTests */,
				B4E500E52549DF0B001A7582 /* GetMapUITests */,
			);
		};
/* End PBXProject section */

/* Begin PBXResourcesBuildPhase section */
		B4E500C32549DF08001A7582 /* Resources */ = {
			isa = PBXResourcesBuildPhase;
			buildActionMask = 2147483647;
			files = (
				B4E500D02549DF0B001A7582 /* Preview Assets.xcassets in Resources */,
				B4E500CD2549DF0B001A7582 /* Assets.xcassets in Resources */,
			);
			runOnlyForDeploymentPostprocessing = 0;
		};
		B4E500D92549DF0B001A7582 /* Resources */ = {
			isa = PBXResourcesBuildPhase;
			buildActionMask = 2147483647;
			files = (
			);
			runOnlyForDeploymentPostprocessing = 0;
		};
		B4E500E42549DF0B001A7582 /* Resources */ = {
			isa = PBXResourcesBuildPhase;
			buildActionMask = 2147483647;
			files = (
			);
			runOnlyForDeploymentPostprocessing = 0;
		};
/* End PBXResourcesBuildPhase section */

/* Begin PBXSourcesBuildPhase section */
		B4E500C12549DF08001A7582 /* Sources */ = {
			isa = PBXSourcesBuildPhase;
			buildActionMask = 2147483647;
			files = (
				B4E501292549F16E001A7582 /* Building+CoreDataClass.swift in Sources */,
				B4E500D22549DF0B001A7582 /* Persistence.swift in Sources */,
				B4E501012549E024001A7582 /* LocationPointViewModel.swift in Sources */,
				B4E5012A2549F16E001A7582 /* Building+CoreDataProperties.swift in Sources */,
				B4E501062549E03B001A7582 /* LocationGetterModel.swift in Sources */,
				B4E5015C254CC287001A7582 /* Functions.swift in Sources */,
				B4E500D52549DF0B001A7582 /* GetMap.xcdatamodeld in Sources */,
				B4E50151254AE6DD001A7582 /* FunctionSheet.swift in Sources */,
				B4E50140254AA4E1001A7582 /* PathUnit+CoreDataClass.swift in Sources */,
				B4E50146254AAD4B001A7582 /* PathViewModel.swift in Sources */,
				B4E50141254AA4E1001A7582 /* PathUnit+CoreDataProperties.swift in Sources */,
				B4E500CB2549DF08001A7582 /* ContentView.swift in Sources */,
				B4E500C92549DF08001A7582 /* GetMapApp.swift in Sources */,
			);
			runOnlyForDeploymentPostprocessing = 0;
		};
		B4E500D72549DF0B001A7582 /* Sources */ = {
			isa = PBXSourcesBuildPhase;
			buildActionMask = 2147483647;
			files = (
				B4E500E02549DF0B001A7582 /* GetMapTests.swift in Sources */,
			);
			runOnlyForDeploymentPostprocessing = 0;
		};
		B4E500E22549DF0B001A7582 /* Sources */ = {
			isa = PBXSourcesBuildPhase;
			buildActionMask = 2147483647;
			files = (
				B4E500EB2549DF0B001A7582 /* GetMapUITests.swift in Sources */,
			);
			runOnlyForDeploymentPostprocessing = 0;
		};
/* End PBXSourcesBuildPhase section */

/* Begin PBXTargetDependency section */
		B4E500DD2549DF0B001A7582 /* PBXTargetDependency */ = {
			isa = PBXTargetDependency;
			target = B4E500C42549DF08001A7582 /* GetMap */;
			targetProxy = B4E500DC2549DF0B001A7582 /* PBXContainerItemProxy */;
		};
		B4E500E82549DF0B001A7582 /* PBXTargetDependency */ = {
			isa = PBXTargetDependency;
			target = B4E500C42549DF08001A7582 /* GetMap */;
			targetProxy = B4E500E72549DF0B001A7582 /* PBXContainerItemProxy */;
		};
/* End PBXTargetDependency section */

/* Begin XCBuildConfiguration section */
		B4E500ED2549DF0B001A7582 /* Debug */ = {
			isa = XCBuildConfiguration;
			buildSettings = {
				ALWAYS_SEARCH_USER_PATHS = NO;
				CLANG_ANALYZER_NONNULL = YES;
				CLANG_ANALYZER_NUMBER_OBJECT_CONVERSION = YES_AGGRESSIVE;
				CLANG_CXX_LANGUAGE_STANDARD = "gnu++14";
				CLANG_CXX_LIBRARY = "libc++";
				CLANG_ENABLE_MODULES = YES;
				CLANG_ENABLE_OBJC_ARC = YES;
				CLANG_ENABLE_OBJC_WEAK = YES;
				CLANG_WARN_BLOCK_CAPTURE_AUTORELEASING = YES;
				CLANG_WARN_BOOL_CONVERSION = YES;
				CLANG_WARN_COMMA = YES;
				CLANG_WARN_CONSTANT_CONVERSION = YES;
				CLANG_WARN_DEPRECATED_OBJC_IMPLEMENTATIONS = YES;
				CLANG_WARN_DIRECT_OBJC_ISA_USAGE = YES_ERROR;
				CLANG_WARN_DOCUMENTATION_COMMENTS = YES;
				CLANG_WARN_EMPTY_BODY = YES;
				CLANG_WARN_ENUM_CONVERSION = YES;
				CLANG_WARN_INFINITE_RECURSION = YES;
				CLANG_WARN_INT_CONVERSION = YES;
				CLANG_WARN_NON_LITERAL_NULL_CONVERSION = YES;
				CLANG_WARN_OBJC_IMPLICIT_RETAIN_SELF = YES;
				CLANG_WARN_OBJC_LITERAL_CONVERSION = YES;
				CLANG_WARN_OBJC_ROOT_CLASS = YES_ERROR;
				CLANG_WARN_QUOTED_INCLUDE_IN_FRAMEWORK_HEADER = YES;
				CLANG_WARN_RANGE_LOOP_ANALYSIS = YES;
				CLANG_WARN_STRICT_PROTOTYPES = YES;
				CLANG_WARN_SUSPICIOUS_MOVE = YES;
				CLANG_WARN_UNGUARDED_AVAILABILITY = YES_AGGRESSIVE;
				CLANG_WARN_UNREACHABLE_CODE = YES;
				CLANG_WARN__DUPLICATE_METHOD_MATCH = YES;
				COPY_PHASE_STRIP = NO;
				DEBUG_INFORMATION_FORMAT = dwarf;
				ENABLE_STRICT_OBJC_MSGSEND = YES;
				ENABLE_TESTABILITY = YES;
				GCC_C_LANGUAGE_STANDARD = gnu11;
				GCC_DYNAMIC_NO_PIC = NO;
				GCC_NO_COMMON_BLOCKS = YES;
				GCC_OPTIMIZATION_LEVEL = 0;
				GCC_PREPROCESSOR_DEFINITIONS = (
					"DEBUG=1",
					"$(inherited)",
				);
				GCC_WARN_64_TO_32_BIT_CONVERSION = YES;
				GCC_WARN_ABOUT_RETURN_TYPE = YES_ERROR;
				GCC_WARN_UNDECLARED_SELECTOR = YES;
				GCC_WARN_UNINITIALIZED_AUTOS = YES_AGGRESSIVE;
				GCC_WARN_UNUSED_FUNCTION = YES;
				GCC_WARN_UNUSED_VARIABLE = YES;
				IPHONEOS_DEPLOYMENT_TARGET = 14.0;
				MTL_ENABLE_DEBUG_INFO = INCLUDE_SOURCE;
				MTL_FAST_MATH = YES;
				ONLY_ACTIVE_ARCH = YES;
				SDKROOT = iphoneos;
				SWIFT_ACTIVE_COMPILATION_CONDITIONS = DEBUG;
				SWIFT_OPTIMIZATION_LEVEL = "-Onone";
			};
			name = Debug;
		};
		B4E500EE2549DF0B001A7582 /* Release */ = {
			isa = XCBuildConfiguration;
			buildSettings = {
				ALWAYS_SEARCH_USER_PATHS = NO;
				CLANG_ANALYZER_NONNULL = YES;
				CLANG_ANALYZER_NUMBER_OBJECT_CONVERSION = YES_AGGRESSIVE;
				CLANG_CXX_LANGUAGE_STANDARD = "gnu++14";
				CLANG_CXX_LIBRARY = "libc++";
				CLANG_ENABLE_MODULES = YES;
				CLANG_ENABLE_OBJC_ARC = YES;
				CLANG_ENABLE_OBJC_WEAK = YES;
				CLANG_WARN_BLOCK_CAPTURE_AUTORELEASING = YES;
				CLANG_WARN_BOOL_CONVERSION = YES;
				CLANG_WARN_COMMA = YES;
				CLANG_WARN_CONSTANT_CONVERSION = YES;
				CLANG_WARN_DEPRECATED_OBJC_IMPLEMENTATIONS = YES;
				CLANG_WARN_DIRECT_OBJC_ISA_USAGE = YES_ERROR;
				CLANG_WARN_DOCUMENTATION_COMMENTS = YES;
				CLANG_WARN_EMPTY_BODY = YES;
				CLANG_WARN_ENUM_CONVERSION = YES;
				CLANG_WARN_INFINITE_RECURSION = YES;
				CLANG_WARN_INT_CONVERSION = YES;
				CLANG_WARN_NON_LITERAL_NULL_CONVERSION = YES;
				CLANG_WARN_OBJC_IMPLICIT_RETAIN_SELF = YES;
				CLANG_WARN_OBJC_LITERAL_CONVERSION = YES;
				CLANG_WARN_OBJC_ROOT_CLASS = YES_ERROR;
				CLANG_WARN_QUOTED_INCLUDE_IN_FRAMEWORK_HEADER = YES;
				CLANG_WARN_RANGE_LOOP_ANALYSIS = YES;
				CLANG_WARN_STRICT_PROTOTYPES = YES;
				CLANG_WARN_SUSPICIOUS_MOVE = YES;
				CLANG_WARN_UNGUARDED_AVAILABILITY = YES_AGGRESSIVE;
				CLANG_WARN_UNREACHABLE_CODE = YES;
				CLANG_WARN__DUPLICATE_METHOD_MATCH = YES;
				COPY_PHASE_STRIP = NO;
				DEBUG_INFORMATION_FORMAT = "dwarf-with-dsym";
				ENABLE_NS_ASSERTIONS = NO;
				ENABLE_STRICT_OBJC_MSGSEND = YES;
				GCC_C_LANGUAGE_STANDARD = gnu11;
				GCC_NO_COMMON_BLOCKS = YES;
				GCC_WARN_64_TO_32_BIT_CONVERSION = YES;
				GCC_WARN_ABOUT_RETURN_TYPE = YES_ERROR;
				GCC_WARN_UNDECLARED_SELECTOR = YES;
				GCC_WARN_UNINITIALIZED_AUTOS = YES_AGGRESSIVE;
				GCC_WARN_UNUSED_FUNCTION = YES;
				GCC_WARN_UNUSED_VARIABLE = YES;
				IPHONEOS_DEPLOYMENT_TARGET = 14.0;
				MTL_ENABLE_DEBUG_INFO = NO;
				MTL_FAST_MATH = YES;
				SDKROOT = iphoneos;
				SWIFT_COMPILATION_MODE = wholemodule;
				SWIFT_OPTIMIZATION_LEVEL = "-O";
				VALIDATE_PRODUCT = YES;
			};
			name = Release;
		};
		B4E500F02549DF0B001A7582 /* Debug */ = {
			isa = XCBuildConfiguration;
			buildSettings = {
				ASSETCATALOG_COMPILER_APPICON_NAME = AppIcon;
				ASSETCATALOG_COMPILER_GLOBAL_ACCENT_COLOR_NAME = AccentColor;
				CODE_SIGN_ENTITLEMENTS = GetMap/GetMap.entitlements;
				CODE_SIGN_STYLE = Automatic;
				DEVELOPMENT_ASSET_PATHS = "\"GetMap/Preview Content\"";
				DEVELOPMENT_TEAM = N5A7GY9PDW;
				ENABLE_PREVIEWS = YES;
				INFOPLIST_FILE = GetMap/Info.plist;
				IPHONEOS_DEPLOYMENT_TARGET = 14.0;
				LD_RUNPATH_SEARCH_PATHS = (
					"$(inherited)",
					"@executable_path/Frameworks",
				);
				PRODUCT_BUNDLE_IDENTIFIER = FYP.GetMap;
				PRODUCT_NAME = "$(TARGET_NAME)";
				SWIFT_VERSION = 5.0;
				TARGETED_DEVICE_FAMILY = "1,2";
			};
			name = Debug;
		};
		B4E500F12549DF0B001A7582 /* Release */ = {
			isa = XCBuildConfiguration;
			buildSettings = {
				ASSETCATALOG_COMPILER_APPICON_NAME = AppIcon;
				ASSETCATALOG_COMPILER_GLOBAL_ACCENT_COLOR_NAME = AccentColor;
				CODE_SIGN_ENTITLEMENTS = GetMap/GetMap.entitlements;
				CODE_SIGN_STYLE = Automatic;
				DEVELOPMENT_ASSET_PATHS = "\"GetMap/Preview Content\"";
				DEVELOPMENT_TEAM = N5A7GY9PDW;
				ENABLE_PREVIEWS = YES;
				INFOPLIST_FILE = GetMap/Info.plist;
				IPHONEOS_DEPLOYMENT_TARGET = 14.0;
				LD_RUNPATH_SEARCH_PATHS = (
					"$(inherited)",
					"@executable_path/Frameworks",
				);
				PRODUCT_BUNDLE_IDENTIFIER = FYP.GetMap;
				PRODUCT_NAME = "$(TARGET_NAME)";
				SWIFT_VERSION = 5.0;
				TARGETED_DEVICE_FAMILY = "1,2";
			};
			name = Release;
		};
		B4E500F32549DF0B001A7582 /* Debug */ = {
			isa = XCBuildConfiguration;
			buildSettings = {
				ALWAYS_EMBED_SWIFT_STANDARD_LIBRARIES = YES;
				BUNDLE_LOADER = "$(TEST_HOST)";
				CODE_SIGN_STYLE = Automatic;
				DEVELOPMENT_TEAM = N5A7GY9PDW;
				INFOPLIST_FILE = GetMapTests/Info.plist;
				IPHONEOS_DEPLOYMENT_TARGET = 14.0;
				LD_RUNPATH_SEARCH_PATHS = (
					"$(inherited)",
					"@executable_path/Frameworks",
					"@loader_path/Frameworks",
				);
				PRODUCT_BUNDLE_IDENTIFIER = FYP.GetMapTests;
				PRODUCT_NAME = "$(TARGET_NAME)";
				SWIFT_VERSION = 5.0;
				TARGETED_DEVICE_FAMILY = "1,2";
				TEST_HOST = "$(BUILT_PRODUCTS_DIR)/GetMap.app/GetMap";
			};
			name = Debug;
		};
		B4E500F42549DF0B001A7582 /* Release */ = {
			isa = XCBuildConfiguration;
			buildSettings = {
				ALWAYS_EMBED_SWIFT_STANDARD_LIBRARIES = YES;
				BUNDLE_LOADER = "$(TEST_HOST)";
				CODE_SIGN_STYLE = Automatic;
				DEVELOPMENT_TEAM = N5A7GY9PDW;
				INFOPLIST_FILE = GetMapTests/Info.plist;
				IPHONEOS_DEPLOYMENT_TARGET = 14.0;
				LD_RUNPATH_SEARCH_PATHS = (
					"$(inherited)",
					"@executable_path/Frameworks",
					"@loader_path/Frameworks",
				);
				PRODUCT_BUNDLE_IDENTIFIER = FYP.GetMapTests;
				PRODUCT_NAME = "$(TARGET_NAME)";
				SWIFT_VERSION = 5.0;
				TARGETED_DEVICE_FAMILY = "1,2";
				TEST_HOST = "$(BUILT_PRODUCTS_DIR)/GetMap.app/GetMap";
			};
			name = Release;
		};
		B4E500F62549DF0B001A7582 /* Debug */ = {
			isa = XCBuildConfiguration;
			buildSettings = {
				ALWAYS_EMBED_SWIFT_STANDARD_LIBRARIES = YES;
				CODE_SIGN_STYLE = Automatic;
				DEVELOPMENT_TEAM = N5A7GY9PDW;
				INFOPLIST_FILE = GetMapUITests/Info.plist;
				LD_RUNPATH_SEARCH_PATHS = (
					"$(inherited)",
					"@executable_path/Frameworks",
					"@loader_path/Frameworks",
				);
				PRODUCT_BUNDLE_IDENTIFIER = FYP.GetMapUITests;
				PRODUCT_NAME = "$(TARGET_NAME)";
				SWIFT_VERSION = 5.0;
				TARGETED_DEVICE_FAMILY = "1,2";
				TEST_TARGET_NAME = GetMap;
			};
			name = Debug;
		};
		B4E500F72549DF0B001A7582 /* Release */ = {
			isa = XCBuildConfiguration;
			buildSettings = {
				ALWAYS_EMBED_SWIFT_STANDARD_LIBRARIES = YES;
				CODE_SIGN_STYLE = Automatic;
				DEVELOPMENT_TEAM = N5A7GY9PDW;
				INFOPLIST_FILE = GetMapUITests/Info.plist;
				LD_RUNPATH_SEARCH_PATHS = (
					"$(inherited)",
					"@executable_path/Frameworks",
					"@loader_path/Frameworks",
				);
				PRODUCT_BUNDLE_IDENTIFIER = FYP.GetMapUITests;
				PRODUCT_NAME = "$(TARGET_NAME)";
				SWIFT_VERSION = 5.0;
				TARGETED_DEVICE_FAMILY = "1,2";
				TEST_TARGET_NAME = GetMap;
			};
			name = Release;
		};
/* End XCBuildConfiguration section */

/* Begin XCConfigurationList section */
		B4E500C02549DF08001A7582 /* Build configuration list for PBXProject "GetMap" */ = {
			isa = XCConfigurationList;
			buildConfigurations = (
				B4E500ED2549DF0B001A7582 /* Debug */,
				B4E500EE2549DF0B001A7582 /* Release */,
			);
			defaultConfigurationIsVisible = 0;
			defaultConfigurationName = Release;
		};
		B4E500EF2549DF0B001A7582 /* Build configuration list for PBXNativeTarget "GetMap" */ = {
			isa = XCConfigurationList;
			buildConfigurations = (
				B4E500F02549DF0B001A7582 /* Debug */,
				B4E500F12549DF0B001A7582 /* Release */,
			);
			defaultConfigurationIsVisible = 0;
			defaultConfigurationName = Release;
		};
		B4E500F22549DF0B001A7582 /* Build configuration list for PBXNativeTarget "GetMapTests" */ = {
			isa = XCConfigurationList;
			buildConfigurations = (
				B4E500F32549DF0B001A7582 /* Debug */,
				B4E500F42549DF0B001A7582 /* Release */,
			);
			defaultConfigurationIsVisible = 0;
			defaultConfigurationName = Release;
		};
		B4E500F52549DF0B001A7582 /* Build configuration list for PBXNativeTarget "GetMapUITests" */ = {
			isa = XCConfigurationList;
			buildConfigurations = (
				B4E500F62549DF0B001A7582 /* Debug */,
				B4E500F72549DF0B001A7582 /* Release */,
			);
			defaultConfigurationIsVisible = 0;
			defaultConfigurationName = Release;
		};
/* End XCConfigurationList section */

/* Begin XCVersionGroup section */
		B4E500D32549DF0B001A7582 /* GetMap.xcdatamodeld */ = {
			isa = XCVersionGroup;
			children = (
				B4E500D42549DF0B001A7582 /* GetMap.xcdatamodel */,
			);
			currentVersion = B4E500D42549DF0B001A7582 /* GetMap.xcdatamodel */;
			path = GetMap.xcdatamodeld;
			sourceTree = "<group>";
			versionGroupType = wrapper.xcdatamodel;
		};
/* End XCVersionGroup section */
	};
	rootObject = B4E500BD2549DF08001A7582 /* Project object */;
}
