// !$*UTF8*$!
{
	archiveVersion = 1;
	classes = {
	};
	objectVersion = 50;
	objects = {

/* Begin PBXBuildFile section */
		B48BBEC925EAABF800803F4C /* CUMap_CollectApp.swift in Sources */ = {isa = PBXBuildFile; fileRef = B48BBEC825EAABF800803F4C /* CUMap_CollectApp.swift */; };
		B48BBECD25EAABF900803F4C /* Assets.xcassets in Resources */ = {isa = PBXBuildFile; fileRef = B48BBECC25EAABF900803F4C /* Assets.xcassets */; };
		B48BBED025EAABF900803F4C /* Preview Assets.xcassets in Resources */ = {isa = PBXBuildFile; fileRef = B48BBECF25EAABF900803F4C /* Preview Assets.xcassets */; };
		B48BBEDD25EAB88300803F4C /* BusListView.swift in Sources */ = {isa = PBXBuildFile; fileRef = B48BBEDC25EAB88300803F4C /* BusListView.swift */; };
		B48BBEE025EAB8FF00803F4C /* DataStructure.swift in Sources */ = {isa = PBXBuildFile; fileRef = B48BBEDF25EAB8FF00803F4C /* DataStructure.swift */; };
		B48BBEE425EACDA400803F4C /* Constant.swift in Sources */ = {isa = PBXBuildFile; fileRef = B48BBEE325EACDA400803F4C /* Constant.swift */; };
		B48BBEF825EAD60C00803F4C /* Localizable.strings in Resources */ = {isa = PBXBuildFile; fileRef = B48BBEFA25EAD60C00803F4C /* Localizable.strings */; };
		B48BBF0225EAF15A00803F4C /* ButtonStyle.swift in Sources */ = {isa = PBXBuildFile; fileRef = B48BBF0125EAF15A00803F4C /* ButtonStyle.swift */; };
		B48BBF0625EAF8F000803F4C /* MapKit.framework in Frameworks */ = {isa = PBXBuildFile; fileRef = B48BBF0525EAF8F000803F4C /* MapKit.framework */; };
		B48BBF1225EB895B00803F4C /* StopListView.swift in Sources */ = {isa = PBXBuildFile; fileRef = B48BBF1125EB895B00803F4C /* StopListView.swift */; };
		B48BBF1525EB899100803F4C /* BusMapView.swift in Sources */ = {isa = PBXBuildFile; fileRef = B48BBF1425EB899100803F4C /* BusMapView.swift */; };
		B48BBF1825EB89C200803F4C /* NewBusView.swift in Sources */ = {isa = PBXBuildFile; fileRef = B48BBF1725EB89C200803F4C /* NewBusView.swift */; };
		B48BBF1D25EB8CB100803F4C /* BusPage.swift in Sources */ = {isa = PBXBuildFile; fileRef = B48BBF1C25EB8CB100803F4C /* BusPage.swift */; };
		B48BBF2125EB8E1B00803F4C /* NewRouteView.swift in Sources */ = {isa = PBXBuildFile; fileRef = B48BBF2025EB8E1B00803F4C /* NewRouteView.swift */; };
		B48BBF2425EBA97900803F4C /* RouteMapView.swift in Sources */ = {isa = PBXBuildFile; fileRef = B48BBF2325EBA97900803F4C /* RouteMapView.swift */; };
		B48F10E525EF1B6800E31AF0 /* LocPage.swift in Sources */ = {isa = PBXBuildFile; fileRef = B48F10E425EF1B6800E31AF0 /* LocPage.swift */; };
		B48F10E925EF1B9F00E31AF0 /* MainPage.swift in Sources */ = {isa = PBXBuildFile; fileRef = B48F10E825EF1B9F00E31AF0 /* MainPage.swift */; };
		B48F10ED25EF242600E31AF0 /* LocListView.swift in Sources */ = {isa = PBXBuildFile; fileRef = B48F10EC25EF242600E31AF0 /* LocListView.swift */; };
		B48F10F025EF244100E31AF0 /* LocMapView.swift in Sources */ = {isa = PBXBuildFile; fileRef = B48F10EF25EF244100E31AF0 /* LocMapView.swift */; };
		B48F10F625EF5EA500E31AF0 /* NewLocView.swift in Sources */ = {isa = PBXBuildFile; fileRef = B48F10F525EF5EA500E31AF0 /* NewLocView.swift */; };
		B48F10F925EF5F3800E31AF0 /* EditLocView.swift in Sources */ = {isa = PBXBuildFile; fileRef = B48F10F825EF5F3800E31AF0 /* EditLocView.swift */; };
		B48F10FE25EF6C9D00E31AF0 /* TrajPage.swift in Sources */ = {isa = PBXBuildFile; fileRef = B48F10FD25EF6C9D00E31AF0 /* TrajPage.swift */; };
		B48F110525EF6E5F00E31AF0 /* TrajMapView.swift in Sources */ = {isa = PBXBuildFile; fileRef = B48F110425EF6E5F00E31AF0 /* TrajMapView.swift */; };
		B48F111125EF704200E31AF0 /* LocationModel.swift in Sources */ = {isa = PBXBuildFile; fileRef = B48F111025EF704200E31AF0 /* LocationModel.swift */; };
/* End PBXBuildFile section */

/* Begin PBXFileReference section */
		B48BBEC525EAABF800803F4C /* CUMap Collect.app */ = {isa = PBXFileReference; explicitFileType = wrapper.application; includeInIndex = 0; path = "CUMap Collect.app"; sourceTree = BUILT_PRODUCTS_DIR; };
		B48BBEC825EAABF800803F4C /* CUMap_CollectApp.swift */ = {isa = PBXFileReference; lastKnownFileType = sourcecode.swift; path = CUMap_CollectApp.swift; sourceTree = "<group>"; };
		B48BBECC25EAABF900803F4C /* Assets.xcassets */ = {isa = PBXFileReference; lastKnownFileType = folder.assetcatalog; path = Assets.xcassets; sourceTree = "<group>"; };
		B48BBECF25EAABF900803F4C /* Preview Assets.xcassets */ = {isa = PBXFileReference; lastKnownFileType = folder.assetcatalog; path = "Preview Assets.xcassets"; sourceTree = "<group>"; };
		B48BBED125EAABF900803F4C /* Info.plist */ = {isa = PBXFileReference; lastKnownFileType = text.plist.xml; path = Info.plist; sourceTree = "<group>"; };
		B48BBEDC25EAB88300803F4C /* BusListView.swift */ = {isa = PBXFileReference; lastKnownFileType = sourcecode.swift; path = BusListView.swift; sourceTree = "<group>"; };
		B48BBEDF25EAB8FF00803F4C /* DataStructure.swift */ = {isa = PBXFileReference; lastKnownFileType = sourcecode.swift; path = DataStructure.swift; sourceTree = "<group>"; };
		B48BBEE325EACDA400803F4C /* Constant.swift */ = {isa = PBXFileReference; lastKnownFileType = sourcecode.swift; path = Constant.swift; sourceTree = "<group>"; };
		B48BBEF925EAD60C00803F4C /* en */ = {isa = PBXFileReference; lastKnownFileType = text.plist.strings; name = en; path = en.lproj/Localizable.strings; sourceTree = "<group>"; };
		B48BBEFE25EAD66A00803F4C /* zh-Hant */ = {isa = PBXFileReference; lastKnownFileType = text.plist.strings; name = "zh-Hant"; path = "zh-Hant.lproj/Localizable.strings"; sourceTree = "<group>"; };
		B48BBF0125EAF15A00803F4C /* ButtonStyle.swift */ = {isa = PBXFileReference; lastKnownFileType = sourcecode.swift; path = ButtonStyle.swift; sourceTree = "<group>"; };
		B48BBF0525EAF8F000803F4C /* MapKit.framework */ = {isa = PBXFileReference; lastKnownFileType = wrapper.framework; name = MapKit.framework; path = System/Library/Frameworks/MapKit.framework; sourceTree = SDKROOT; };
		B48BBF1125EB895B00803F4C /* StopListView.swift */ = {isa = PBXFileReference; lastKnownFileType = sourcecode.swift; path = StopListView.swift; sourceTree = "<group>"; };
		B48BBF1425EB899100803F4C /* BusMapView.swift */ = {isa = PBXFileReference; lastKnownFileType = sourcecode.swift; path = BusMapView.swift; sourceTree = "<group>"; };
		B48BBF1725EB89C200803F4C /* NewBusView.swift */ = {isa = PBXFileReference; lastKnownFileType = sourcecode.swift; path = NewBusView.swift; sourceTree = "<group>"; };
		B48BBF1C25EB8CB100803F4C /* BusPage.swift */ = {isa = PBXFileReference; lastKnownFileType = sourcecode.swift; path = BusPage.swift; sourceTree = "<group>"; };
		B48BBF2025EB8E1B00803F4C /* NewRouteView.swift */ = {isa = PBXFileReference; lastKnownFileType = sourcecode.swift; path = NewRouteView.swift; sourceTree = "<group>"; };
		B48BBF2325EBA97900803F4C /* RouteMapView.swift */ = {isa = PBXFileReference; lastKnownFileType = sourcecode.swift; path = RouteMapView.swift; sourceTree = "<group>"; };
		B48F10E425EF1B6800E31AF0 /* LocPage.swift */ = {isa = PBXFileReference; lastKnownFileType = sourcecode.swift; path = LocPage.swift; sourceTree = "<group>"; };
		B48F10E825EF1B9F00E31AF0 /* MainPage.swift */ = {isa = PBXFileReference; lastKnownFileType = sourcecode.swift; path = MainPage.swift; sourceTree = "<group>"; };
		B48F10EC25EF242600E31AF0 /* LocListView.swift */ = {isa = PBXFileReference; lastKnownFileType = sourcecode.swift; path = LocListView.swift; sourceTree = "<group>"; };
		B48F10EF25EF244100E31AF0 /* LocMapView.swift */ = {isa = PBXFileReference; lastKnownFileType = sourcecode.swift; path = LocMapView.swift; sourceTree = "<group>"; };
		B48F10F525EF5EA500E31AF0 /* NewLocView.swift */ = {isa = PBXFileReference; lastKnownFileType = sourcecode.swift; path = NewLocView.swift; sourceTree = "<group>"; };
		B48F10F825EF5F3800E31AF0 /* EditLocView.swift */ = {isa = PBXFileReference; lastKnownFileType = sourcecode.swift; path = EditLocView.swift; sourceTree = "<group>"; };
		B48F10FD25EF6C9D00E31AF0 /* TrajPage.swift */ = {isa = PBXFileReference; lastKnownFileType = sourcecode.swift; path = TrajPage.swift; sourceTree = "<group>"; };
		B48F110425EF6E5F00E31AF0 /* TrajMapView.swift */ = {isa = PBXFileReference; lastKnownFileType = sourcecode.swift; path = TrajMapView.swift; sourceTree = "<group>"; };
		B48F111025EF704200E31AF0 /* LocationModel.swift */ = {isa = PBXFileReference; lastKnownFileType = sourcecode.swift; path = LocationModel.swift; sourceTree = "<group>"; };
/* End PBXFileReference section */

/* Begin PBXFrameworksBuildPhase section */
		B48BBEC225EAABF800803F4C /* Frameworks */ = {
			isa = PBXFrameworksBuildPhase;
			buildActionMask = 2147483647;
			files = (
				B48BBF0625EAF8F000803F4C /* MapKit.framework in Frameworks */,
			);
			runOnlyForDeploymentPostprocessing = 0;
		};
/* End PBXFrameworksBuildPhase section */

/* Begin PBXGroup section */
		B48BBEBC25EAABF700803F4C = {
			isa = PBXGroup;
			children = (
				B48BBEC725EAABF800803F4C /* CUMap Collect */,
				B48BBEC625EAABF800803F4C /* Products */,
				B48BBF0425EAF8F000803F4C /* Frameworks */,
			);
			sourceTree = "<group>";
		};
		B48BBEC625EAABF800803F4C /* Products */ = {
			isa = PBXGroup;
			children = (
				B48BBEC525EAABF800803F4C /* CUMap Collect.app */,
			);
			name = Products;
			sourceTree = "<group>";
		};
		B48BBEC725EAABF800803F4C /* CUMap Collect */ = {
			isa = PBXGroup;
			children = (
				B48BBEC825EAABF800803F4C /* CUMap_CollectApp.swift */,
				B48F10E825EF1B9F00E31AF0 /* MainPage.swift */,
				B48F10FC25EF6C8400E31AF0 /* TrajPage */,
				B48F10E325EF1B2700E31AF0 /* LocPage */,
				B48BBF1025EB891400803F4C /* BusPage */,
				B48BBEFA25EAD60C00803F4C /* Localizable.strings */,
				B48BBEDF25EAB8FF00803F4C /* DataStructure.swift */,
				B48BBEE325EACDA400803F4C /* Constant.swift */,
				B48BBF0125EAF15A00803F4C /* ButtonStyle.swift */,
				B48BBECC25EAABF900803F4C /* Assets.xcassets */,
				B48BBED125EAABF900803F4C /* Info.plist */,
				B48BBECE25EAABF900803F4C /* Preview Content */,
			);
			path = "CUMap Collect";
			sourceTree = "<group>";
		};
		B48BBECE25EAABF900803F4C /* Preview Content */ = {
			isa = PBXGroup;
			children = (
				B48BBECF25EAABF900803F4C /* Preview Assets.xcassets */,
			);
			path = "Preview Content";
			sourceTree = "<group>";
		};
		B48BBF0425EAF8F000803F4C /* Frameworks */ = {
			isa = PBXGroup;
			children = (
				B48BBF0525EAF8F000803F4C /* MapKit.framework */,
			);
			name = Frameworks;
			sourceTree = "<group>";
		};
		B48BBF1025EB891400803F4C /* BusPage */ = {
			isa = PBXGroup;
			children = (
				B48BBF1C25EB8CB100803F4C /* BusPage.swift */,
				B48BBEDC25EAB88300803F4C /* BusListView.swift */,
				B48BBF1125EB895B00803F4C /* StopListView.swift */,
				B48BBF1425EB899100803F4C /* BusMapView.swift */,
				B48BBF1725EB89C200803F4C /* NewBusView.swift */,
				B48BBF2025EB8E1B00803F4C /* NewRouteView.swift */,
				B48BBF2325EBA97900803F4C /* RouteMapView.swift */,
			);
			path = BusPage;
			sourceTree = "<group>";
		};
		B48F10E325EF1B2700E31AF0 /* LocPage */ = {
			isa = PBXGroup;
			children = (
				B48F10E425EF1B6800E31AF0 /* LocPage.swift */,
				B48F10EF25EF244100E31AF0 /* LocMapView.swift */,
				B48F10EC25EF242600E31AF0 /* LocListView.swift */,
				B48F10F825EF5F3800E31AF0 /* EditLocView.swift */,
				B48F10F525EF5EA500E31AF0 /* NewLocView.swift */,
			);
			path = LocPage;
			sourceTree = "<group>";
		};
		B48F10FC25EF6C8400E31AF0 /* TrajPage */ = {
			isa = PBXGroup;
			children = (
				B48F10FD25EF6C9D00E31AF0 /* TrajPage.swift */,
				B48F110425EF6E5F00E31AF0 /* TrajMapView.swift */,
				B48F111025EF704200E31AF0 /* LocationModel.swift */,
			);
			path = TrajPage;
			sourceTree = "<group>";
		};
/* End PBXGroup section */

/* Begin PBXNativeTarget section */
		B48BBEC425EAABF800803F4C /* CUMap Collect */ = {
			isa = PBXNativeTarget;
			buildConfigurationList = B48BBED425EAABF900803F4C /* Build configuration list for PBXNativeTarget "CUMap Collect" */;
			buildPhases = (
				B48BBEC125EAABF800803F4C /* Sources */,
				B48BBEC225EAABF800803F4C /* Frameworks */,
				B48BBEC325EAABF800803F4C /* Resources */,
			);
			buildRules = (
			);
			dependencies = (
			);
			name = "CUMap Collect";
			productName = "CUMap Collect";
			productReference = B48BBEC525EAABF800803F4C /* CUMap Collect.app */;
			productType = "com.apple.product-type.application";
		};
/* End PBXNativeTarget section */

/* Begin PBXProject section */
		B48BBEBD25EAABF700803F4C /* Project object */ = {
			isa = PBXProject;
			attributes = {
				LastSwiftUpdateCheck = 1240;
				LastUpgradeCheck = 1240;
				TargetAttributes = {
					B48BBEC425EAABF800803F4C = {
						CreatedOnToolsVersion = 12.4;
					};
				};
			};
			buildConfigurationList = B48BBEC025EAABF700803F4C /* Build configuration list for PBXProject "CUMap Collect" */;
			compatibilityVersion = "Xcode 9.3";
			developmentRegion = en;
			hasScannedForEncodings = 0;
			knownRegions = (
				en,
				"zh-Hant",
				Base,
			);
			mainGroup = B48BBEBC25EAABF700803F4C;
			productRefGroup = B48BBEC625EAABF800803F4C /* Products */;
			projectDirPath = "";
			projectRoot = "";
			targets = (
				B48BBEC425EAABF800803F4C /* CUMap Collect */,
			);
		};
/* End PBXProject section */

/* Begin PBXResourcesBuildPhase section */
		B48BBEC325EAABF800803F4C /* Resources */ = {
			isa = PBXResourcesBuildPhase;
			buildActionMask = 2147483647;
			files = (
				B48BBED025EAABF900803F4C /* Preview Assets.xcassets in Resources */,
				B48BBEF825EAD60C00803F4C /* Localizable.strings in Resources */,
				B48BBECD25EAABF900803F4C /* Assets.xcassets in Resources */,
			);
			runOnlyForDeploymentPostprocessing = 0;
		};
/* End PBXResourcesBuildPhase section */

/* Begin PBXSourcesBuildPhase section */
		B48BBEC125EAABF800803F4C /* Sources */ = {
			isa = PBXSourcesBuildPhase;
			buildActionMask = 2147483647;
			files = (
				B48F10F925EF5F3800E31AF0 /* EditLocView.swift in Sources */,
				B48BBF2425EBA97900803F4C /* RouteMapView.swift in Sources */,
				B48F10ED25EF242600E31AF0 /* LocListView.swift in Sources */,
				B48F10F025EF244100E31AF0 /* LocMapView.swift in Sources */,
				B48BBEDD25EAB88300803F4C /* BusListView.swift in Sources */,
				B48F10F625EF5EA500E31AF0 /* NewLocView.swift in Sources */,
				B48BBF2125EB8E1B00803F4C /* NewRouteView.swift in Sources */,
				B48BBF1D25EB8CB100803F4C /* BusPage.swift in Sources */,
				B48BBF1225EB895B00803F4C /* StopListView.swift in Sources */,
				B48F10E925EF1B9F00E31AF0 /* MainPage.swift in Sources */,
				B48BBF1825EB89C200803F4C /* NewBusView.swift in Sources */,
				B48BBEE425EACDA400803F4C /* Constant.swift in Sources */,
				B48BBEE025EAB8FF00803F4C /* DataStructure.swift in Sources */,
				B48F10E525EF1B6800E31AF0 /* LocPage.swift in Sources */,
				B48F10FE25EF6C9D00E31AF0 /* TrajPage.swift in Sources */,
				B48F111125EF704200E31AF0 /* LocationModel.swift in Sources */,
				B48BBF0225EAF15A00803F4C /* ButtonStyle.swift in Sources */,
				B48BBEC925EAABF800803F4C /* CUMap_CollectApp.swift in Sources */,
				B48F110525EF6E5F00E31AF0 /* TrajMapView.swift in Sources */,
				B48BBF1525EB899100803F4C /* BusMapView.swift in Sources */,
			);
			runOnlyForDeploymentPostprocessing = 0;
		};
/* End PBXSourcesBuildPhase section */

/* Begin PBXVariantGroup section */
		B48BBEFA25EAD60C00803F4C /* Localizable.strings */ = {
			isa = PBXVariantGroup;
			children = (
				B48BBEF925EAD60C00803F4C /* en */,
				B48BBEFE25EAD66A00803F4C /* zh-Hant */,
			);
			name = Localizable.strings;
			sourceTree = "<group>";
		};
/* End PBXVariantGroup section */

/* Begin XCBuildConfiguration section */
		B48BBED225EAABF900803F4C /* Debug */ = {
			isa = XCBuildConfiguration;
			buildSettings = {
				ALWAYS_SEARCH_USER_PATHS = NO;
				CLANG_ANALYZER_NONNULL = YES;
				CLANG_ANALYZER_NUMBER_OBJECT_CONVERSION = YES_AGGRESSIVE;
				CLANG_CXX_LANGUAGE_STANDARD = "gnu++14";
				CLANG_CXX_LIBRARY = "libc++";
				CLANG_ENABLE_MODULES = YES;
				CLANG_ENABLE_OBJC_ARC = YES;
				CLANG_ENABLE_OBJC_WEAK = YES;
				CLANG_WARN_BLOCK_CAPTURE_AUTORELEASING = YES;
				CLANG_WARN_BOOL_CONVERSION = YES;
				CLANG_WARN_COMMA = YES;
				CLANG_WARN_CONSTANT_CONVERSION = YES;
				CLANG_WARN_DEPRECATED_OBJC_IMPLEMENTATIONS = YES;
				CLANG_WARN_DIRECT_OBJC_ISA_USAGE = YES_ERROR;
				CLANG_WARN_DOCUMENTATION_COMMENTS = YES;
				CLANG_WARN_EMPTY_BODY = YES;
				CLANG_WARN_ENUM_CONVERSION = YES;
				CLANG_WARN_INFINITE_RECURSION = YES;
				CLANG_WARN_INT_CONVERSION = YES;
				CLANG_WARN_NON_LITERAL_NULL_CONVERSION = YES;
				CLANG_WARN_OBJC_IMPLICIT_RETAIN_SELF = YES;
				CLANG_WARN_OBJC_LITERAL_CONVERSION = YES;
				CLANG_WARN_OBJC_ROOT_CLASS = YES_ERROR;
				CLANG_WARN_QUOTED_INCLUDE_IN_FRAMEWORK_HEADER = YES;
				CLANG_WARN_RANGE_LOOP_ANALYSIS = YES;
				CLANG_WARN_STRICT_PROTOTYPES = YES;
				CLANG_WARN_SUSPICIOUS_MOVE = YES;
				CLANG_WARN_UNGUARDED_AVAILABILITY = YES_AGGRESSIVE;
				CLANG_WARN_UNREACHABLE_CODE = YES;
				CLANG_WARN__DUPLICATE_METHOD_MATCH = YES;
				COPY_PHASE_STRIP = NO;
				DEBUG_INFORMATION_FORMAT = dwarf;
				ENABLE_STRICT_OBJC_MSGSEND = YES;
				ENABLE_TESTABILITY = YES;
				GCC_C_LANGUAGE_STANDARD = gnu11;
				GCC_DYNAMIC_NO_PIC = NO;
				GCC_NO_COMMON_BLOCKS = YES;
				GCC_OPTIMIZATION_LEVEL = 0;
				GCC_PREPROCESSOR_DEFINITIONS = (
					"DEBUG=1",
					"$(inherited)",
				);
				GCC_WARN_64_TO_32_BIT_CONVERSION = YES;
				GCC_WARN_ABOUT_RETURN_TYPE = YES_ERROR;
				GCC_WARN_UNDECLARED_SELECTOR = YES;
				GCC_WARN_UNINITIALIZED_AUTOS = YES_AGGRESSIVE;
				GCC_WARN_UNUSED_FUNCTION = YES;
				GCC_WARN_UNUSED_VARIABLE = YES;
				IPHONEOS_DEPLOYMENT_TARGET = 14.4;
				MTL_ENABLE_DEBUG_INFO = INCLUDE_SOURCE;
				MTL_FAST_MATH = YES;
				ONLY_ACTIVE_ARCH = YES;
				SDKROOT = iphoneos;
				SWIFT_ACTIVE_COMPILATION_CONDITIONS = DEBUG;
				SWIFT_OPTIMIZATION_LEVEL = "-Onone";
			};
			name = Debug;
		};
		B48BBED325EAABF900803F4C /* Release */ = {
			isa = XCBuildConfiguration;
			buildSettings = {
				ALWAYS_SEARCH_USER_PATHS = NO;
				CLANG_ANALYZER_NONNULL = YES;
				CLANG_ANALYZER_NUMBER_OBJECT_CONVERSION = YES_AGGRESSIVE;
				CLANG_CXX_LANGUAGE_STANDARD = "gnu++14";
				CLANG_CXX_LIBRARY = "libc++";
				CLANG_ENABLE_MODULES = YES;
				CLANG_ENABLE_OBJC_ARC = YES;
				CLANG_ENABLE_OBJC_WEAK = YES;
				CLANG_WARN_BLOCK_CAPTURE_AUTORELEASING = YES;
				CLANG_WARN_BOOL_CONVERSION = YES;
				CLANG_WARN_COMMA = YES;
				CLANG_WARN_CONSTANT_CONVERSION = YES;
				CLANG_WARN_DEPRECATED_OBJC_IMPLEMENTATIONS = YES;
				CLANG_WARN_DIRECT_OBJC_ISA_USAGE = YES_ERROR;
				CLANG_WARN_DOCUMENTATION_COMMENTS = YES;
				CLANG_WARN_EMPTY_BODY = YES;
				CLANG_WARN_ENUM_CONVERSION = YES;
				CLANG_WARN_INFINITE_RECURSION = YES;
				CLANG_WARN_INT_CONVERSION = YES;
				CLANG_WARN_NON_LITERAL_NULL_CONVERSION = YES;
				CLANG_WARN_OBJC_IMPLICIT_RETAIN_SELF = YES;
				CLANG_WARN_OBJC_LITERAL_CONVERSION = YES;
				CLANG_WARN_OBJC_ROOT_CLASS = YES_ERROR;
				CLANG_WARN_QUOTED_INCLUDE_IN_FRAMEWORK_HEADER = YES;
				CLANG_WARN_RANGE_LOOP_ANALYSIS = YES;
				CLANG_WARN_STRICT_PROTOTYPES = YES;
				CLANG_WARN_SUSPICIOUS_MOVE = YES;
				CLANG_WARN_UNGUARDED_AVAILABILITY = YES_AGGRESSIVE;
				CLANG_WARN_UNREACHABLE_CODE = YES;
				CLANG_WARN__DUPLICATE_METHOD_MATCH = YES;
				COPY_PHASE_STRIP = NO;
				DEBUG_INFORMATION_FORMAT = "dwarf-with-dsym";
				ENABLE_NS_ASSERTIONS = NO;
				ENABLE_STRICT_OBJC_MSGSEND = YES;
				GCC_C_LANGUAGE_STANDARD = gnu11;
				GCC_NO_COMMON_BLOCKS = YES;
				GCC_WARN_64_TO_32_BIT_CONVERSION = YES;
				GCC_WARN_ABOUT_RETURN_TYPE = YES_ERROR;
				GCC_WARN_UNDECLARED_SELECTOR = YES;
				GCC_WARN_UNINITIALIZED_AUTOS = YES_AGGRESSIVE;
				GCC_WARN_UNUSED_FUNCTION = YES;
				GCC_WARN_UNUSED_VARIABLE = YES;
				IPHONEOS_DEPLOYMENT_TARGET = 14.4;
				MTL_ENABLE_DEBUG_INFO = NO;
				MTL_FAST_MATH = YES;
				SDKROOT = iphoneos;
				SWIFT_COMPILATION_MODE = wholemodule;
				SWIFT_OPTIMIZATION_LEVEL = "-O";
				VALIDATE_PRODUCT = YES;
			};
			name = Release;
		};
		B48BBED525EAABF900803F4C /* Debug */ = {
			isa = XCBuildConfiguration;
			buildSettings = {
				ASSETCATALOG_COMPILER_APPICON_NAME = AppIcon;
				ASSETCATALOG_COMPILER_GLOBAL_ACCENT_COLOR_NAME = AccentColor;
				CODE_SIGN_STYLE = Automatic;
				DEVELOPMENT_ASSET_PATHS = "\"CUMap Collect/Preview Content\"";
				DEVELOPMENT_TEAM = N5A7GY9PDW;
				ENABLE_PREVIEWS = YES;
				INFOPLIST_FILE = "CUMap Collect/Info.plist";
				IPHONEOS_DEPLOYMENT_TARGET = 14.0;
				LD_RUNPATH_SEARCH_PATHS = (
					"$(inherited)",
					"@executable_path/Frameworks",
				);
				PRODUCT_BUNDLE_IDENTIFIER = "FYP.CUMap-Collect";
				PRODUCT_NAME = "$(TARGET_NAME)";
				SWIFT_VERSION = 5.0;
				TARGETED_DEVICE_FAMILY = "1,2";
			};
			name = Debug;
		};
		B48BBED625EAABF900803F4C /* Release */ = {
			isa = XCBuildConfiguration;
			buildSettings = {
				ASSETCATALOG_COMPILER_APPICON_NAME = AppIcon;
				ASSETCATALOG_COMPILER_GLOBAL_ACCENT_COLOR_NAME = AccentColor;
				CODE_SIGN_STYLE = Automatic;
				DEVELOPMENT_ASSET_PATHS = "\"CUMap Collect/Preview Content\"";
				DEVELOPMENT_TEAM = N5A7GY9PDW;
				ENABLE_PREVIEWS = YES;
				INFOPLIST_FILE = "CUMap Collect/Info.plist";
				IPHONEOS_DEPLOYMENT_TARGET = 14.0;
				LD_RUNPATH_SEARCH_PATHS = (
					"$(inherited)",
					"@executable_path/Frameworks",
				);
				PRODUCT_BUNDLE_IDENTIFIER = "FYP.CUMap-Collect";
				PRODUCT_NAME = "$(TARGET_NAME)";
				SWIFT_VERSION = 5.0;
				TARGETED_DEVICE_FAMILY = "1,2";
			};
			name = Release;
		};
/* End XCBuildConfiguration section */

/* Begin XCConfigurationList section */
		B48BBEC025EAABF700803F4C /* Build configuration list for PBXProject "CUMap Collect" */ = {
			isa = XCConfigurationList;
			buildConfigurations = (
				B48BBED225EAABF900803F4C /* Debug */,
				B48BBED325EAABF900803F4C /* Release */,
			);
			defaultConfigurationIsVisible = 0;
			defaultConfigurationName = Release;
		};
		B48BBED425EAABF900803F4C /* Build configuration list for PBXNativeTarget "CUMap Collect" */ = {
			isa = XCConfigurationList;
			buildConfigurations = (
				B48BBED525EAABF900803F4C /* Debug */,
				B48BBED625EAABF900803F4C /* Release */,
			);
			defaultConfigurationIsVisible = 0;
			defaultConfigurationName = Release;
		};
/* End XCConfigurationList section */
	};
	rootObject = B48BBEBD25EAABF700803F4C /* Project object */;
}
